{
  "version": 4,
  "terraform_version": "1.7.0",
  "serial": 432,
  "lineage": "574224c2-1656-616d-94d1-53a8d7c6e984",
  "outputs": {
    "gateway_uri": {
      "value": "api-gw-chatbot",
      "type": "string"
    }
  },
  "resources": [
    {
      "mode": "data",
      "type": "google_iam_policy",
      "name": "noauth_backend",
      "provider": "provider[\"registry.terraform.io/hashicorp/google\"]",
      "instances": [
        {
          "schema_version": 0,
          "attributes": {
            "audit_config": null,
            "binding": [
              {
                "condition": [],
                "members": [
                  "allUsers"
                ],
                "role": "roles/run.invoker"
              }
            ],
            "id": "3450855414",
            "policy_data": "{\"bindings\":[{\"members\":[\"allUsers\"],\"role\":\"roles/run.invoker\"}]}"
          },
          "sensitive_attributes": []
        }
      ]
    },
    {
      "mode": "data",
      "type": "google_iam_policy",
      "name": "noauth_frontend",
      "provider": "provider[\"registry.terraform.io/hashicorp/google\"]",
      "instances": [
        {
          "schema_version": 0,
          "attributes": {
            "audit_config": null,
            "binding": [
              {
                "condition": [],
                "members": [
                  "allUsers"
                ],
                "role": "roles/run.invoker"
              }
            ],
            "id": "3450855414",
            "policy_data": "{\"bindings\":[{\"members\":[\"allUsers\"],\"role\":\"roles/run.invoker\"}]}"
          },
          "sensitive_attributes": []
        }
      ]
    },
    {
      "mode": "managed",
      "type": "google_api_gateway_api",
      "name": "api_chatbot",
      "provider": "provider[\"registry.terraform.io/hashicorp/google-beta\"]",
      "instances": [
        {
          "schema_version": 0,
          "attributes": {
            "api_id": "api-chatbot",
            "create_time": "2023-10-27T17:35:10.707344401Z",
            "display_name": "API Chatbot",
            "effective_labels": {},
            "id": "projects/fyp-open-data-hackathon/locations/global/apis/api-chatbot",
            "labels": {},
            "managed_service": "api-chatbot-36c075kbm0w3e.apigateway.fyp-open-data-hackathon.cloud.goog",
            "name": "projects/fyp-open-data-hackathon/locations/global/apis/api-chatbot",
            "project": "fyp-open-data-hackathon",
            "terraform_labels": {},
            "timeouts": null
          },
          "sensitive_attributes": [],
          "private": "eyJlMmJmYjczMC1lY2FhLTExZTYtOGY4OC0zNDM2M2JjN2M0YzAiOnsiY3JlYXRlIjoxMjAwMDAwMDAwMDAwLCJkZWxldGUiOjEyMDAwMDAwMDAwMDAsInVwZGF0ZSI6MTIwMDAwMDAwMDAwMH19",
          "create_before_destroy": true
        }
      ]
    },
    {
      "mode": "managed",
      "type": "google_api_gateway_api_config",
      "name": "api_config_chatbot",
      "provider": "provider[\"registry.terraform.io/hashicorp/google-beta\"]",
      "instances": [
        {
          "schema_version": 0,
          "attributes": {
            "api": "api-chatbot",
            "api_config_id": "api-config-chatbotv8",
            "api_config_id_prefix": null,
            "display_name": "api-config-chatbotv8",
            "effective_labels": {},
            "gateway_config": [
              {
                "backend_config": [
                  {
                    "google_service_account": "sa-api-gw-chatbot@fyp-open-data-hackathon.iam.gserviceaccount.com"
                  }
                ]
              }
            ],
            "grpc_services": [],
            "id": "projects/fyp-open-data-hackathon/locations/global/apis/api-chatbot/configs/api-config-chatbotv8",
            "labels": null,
            "managed_service_configs": [],
            "name": "projects/568267399820/locations/global/apis/api-chatbot/configs/api-config-chatbotv8",
            "openapi_documents": [
              {
                "document": [
                  {
                    "contents": "c3dhZ2dlcjogIjIuMCIKaW5mbzoKICB0aXRsZTogQVBJIENoYXRCb3QKICBkZXNjcmlwdGlvbjogIkFzayBDaGF0Qm90LiIKICB2ZXJzaW9uOiAiMTAuMC4wIgoKc2NoZW1lczoKICAtICJodHRwcyIKCnNlY3VyaXR5OgogIC0gYXBpX2tleTogW10Kc2VjdXJpdHlEZWZpbml0aW9uczoKICBhcGlfa2V5OgogICAgbmFtZTogYXBpX2tleQogICAgdHlwZTogYXBpS2V5CiAgICBpbjogcXVlcnkKCnBhdGhzOgogICIvYXNrIjoKICAgIHBvc3Q6CiAgICAgIHgtZ29vZ2xlLWJhY2tlbmQ6CiAgICAgICAgYWRkcmVzczogaHR0cHM6Ly9hc2lhLWVhc3QxLWZ5cC1vcGVuLWRhdGEtaGFja2F0aG9uLmNsb3VkZnVuY3Rpb25zLm5ldC9nY2xvdWRmdW5jLWNoYXRib3QKICAgICAgZGVzY3JpcHRpb246ICJHZXQgbWFwIGJ5IGFza2luZyBDaGF0Qm90LiIKICAgICAgb3BlcmF0aW9uSWQ6ICJhc2siCiAgICAgIHBhcmFtZXRlcnM6CiAgICAgICAgLSBuYW1lOiBib2R5CiAgICAgICAgICBpbjogYm9keQogICAgICAgICAgcmVxdWlyZWQ6IHRydWUKICAgICAgICAgIHNjaGVtYToKICAgICAgICAgICAgdHlwZTogb2JqZWN0CiAgICAgICAgICAgIHByb3BlcnRpZXM6CiAgICAgICAgICAgICAgdXNlcl9pZDoKICAgICAgICAgICAgICAgIHR5cGU6IHN0cmluZwogICAgICAgICAgICAgIGRhdGE6CiAgICAgICAgICAgICAgICB0eXBlOiBvYmplY3QKICAgICAgICAgICAgICAgIHByb3BlcnRpZXM6CiAgICAgICAgICAgICAgICAgIGNoYXQ6CiAgICAgICAgICAgICAgICAgICAgdHlwZTogc3RyaW5nCiAgICAgICAgICAgICAgICAgIGtpbmQ6CiAgICAgICAgICAgICAgICAgICAgdHlwZTogc3RyaW5nCiAgICAgICAgICAgICAgICAgIGNvb3JkaW5hdGVzOgogICAgICAgICAgICAgICAgICAgIHR5cGU6IGFycmF5CiAgICAgICAgICAgICAgICAgICAgaXRlbXM6CiAgICAgICAgICAgICAgICAgICAgICB0eXBlOiBudW1iZXIKICAgICAgICAgICAgICAgICAgICAgIAogICAgICByZXNwb25zZXM6CiAgICAgICAgIjIwMCI6CiAgICAgICAgICBkZXNjcmlwdGlvbjogT0sKICAgICAgICAiNDAwIjoKICAgICAgICAgIGRlc2NyaXB0aW9uOiBCYWQgUmVxdWVzdAogICAgICAgICI1MDAiOgogICAgICAgICAgZGVzY3JpcHRpb246IEludGVybmFsIFNlcnZlciBFcnJvcgogICAgICAgICAgICAgICAgCiAgIi9hc2stbWFwIjoKICAgIHBvc3Q6CiAgICAgIHgtZ29vZ2xlLWJhY2tlbmQ6CiAgICAgICAgYWRkcmVzczogaHR0cHM6Ly9hc2lhLWVhc3QxLWZ5cC1vcGVuLWRhdGEtaGFja2F0aG9uLmNsb3VkZnVuY3Rpb25zLm5ldC9nY2xvdWRmdW5jLWNoYXRib3QtbWFwCQogICAgICBkZXNjcmlwdGlvbjogIkdldCBhbnN3ZXIgYnkgYXNraW5nIENoYXRCb3QgTWFwLiIKICAgICAgb3BlcmF0aW9uSWQ6ICJhc2stbWFwIgogICAgICBwYXJhbWV0ZXJzOgogICAgICAgIC0gbmFtZTogYm9keQogICAgICAgICAgaW46IGJvZHkKICAgICAgICAgIHJlcXVpcmVkOiB0cnVlCiAgICAgICAgICBzY2hlbWE6CiAgICAgICAgICAgIHR5cGU6IG9iamVjdAogICAgICAgICAgICBwcm9wZXJ0aWVzOgogICAgICAgICAgICAgIHVzZXJfaWQ6CiAgICAgICAgICAgICAgICB0eXBlOiBzdHJpbmcKICAgICAgICAgICAgICBkYXRhOgogICAgICAgICAgICAgICAgdHlwZTogb2JqZWN0CiAgICAgICAgICAgICAgICBwcm9wZXJ0aWVzOgogICAgICAgICAgICAgICAgICBjaGF0OgogICAgICAgICAgICAgICAgICAgIHR5cGU6IHN0cmluZwogICAgICAgICAgICAgICAgICBraW5kOgogICAgICAgICAgICAgICAgICAgIHR5cGU6IHN0cmluZwogICAgICAgICAgICAgICAgICBjb29yZGluYXRlczoKICAgICAgICAgICAgICAgICAgICB0eXBlOiBhcnJheQogICAgICAgICAgICAgICAgICAgIGl0ZW1zOgogICAgICAgICAgICAgICAgICAgICAgdHlwZTogbnVtYmVyCgogICAgICByZXNwb25zZXM6CiAgICAgICAgIjIwMCI6CiAgICAgICAgICBkZXNjcmlwdGlvbjogT0sKICAgICAgICAiNDAwIjoKICAgICAgICAgIGRlc2NyaXB0aW9uOiBCYWQgUmVxdWVzdAogICAgICAgICI1MDAiOgogICAgICAgICAgZGVzY3JpcHRpb246IEludGVybmFsIFNlcnZlciBFcnJvcgogICAgICAgICAgCiAgIi9hc2staW1hZ2UiOgogICAgcG9zdDoKICAgICAgeC1nb29nbGUtYmFja2VuZDoKICAgICAgICBhZGRyZXNzOiBodHRwczovL2FzaWEtZWFzdDEtZnlwLW9wZW4tZGF0YS1oYWNrYXRob24uY2xvdWRmdW5jdGlvbnMubmV0L2djbG91ZGZ1bmMtY2hhdGJvdC1pbWFnZQkKICAgICAgZGVzY3JpcHRpb246ICJHZXQgYW5zd2VyIGJ5IGFza2luZyBDaGF0Qm90IE1hcC4iCiAgICAgIG9wZXJhdGlvbklkOiAiYXNrLWltYWdlIgogICAgICBwYXJhbWV0ZXJzOgogICAgICAgIC0gbmFtZTogYm9keQogICAgICAgICAgaW46IGJvZHkKICAgICAgICAgIHJlcXVpcmVkOiB0cnVlCiAgICAgICAgICBzY2hlbWE6CiAgICAgICAgICAgIHR5cGU6IG9iamVjdAogICAgICAgICAgICBwcm9wZXJ0aWVzOgogICAgICAgICAgICAgIHVzZXJfaWQ6CiAgICAgICAgICAgICAgICB0eXBlOiBzdHJpbmcKICAgICAgICAgICAgICBkYXRhOgogICAgICAgICAgICAgICAgdHlwZTogb2JqZWN0CiAgICAgICAgICAgICAgICBwcm9wZXJ0aWVzOgogICAgICAgICAgICAgICAgICBjaGF0OgogICAgICAgICAgICAgICAgICAgIHR5cGU6IHN0cmluZwogICAgICAgICAgICAgICAgICBraW5kOgogICAgICAgICAgICAgICAgICAgIHR5cGU6IHN0cmluZwogICAgICAgICAgICAgICAgICBjb29yZGluYXRlczoKICAgICAgICAgICAgICAgICAgICB0eXBlOiBhcnJheQogICAgICAgICAgICAgICAgICAgIGl0ZW1zOgogICAgICAgICAgICAgICAgICAgICAgdHlwZTogbnVtYmVyCgogICAgICByZXNwb25zZXM6CiAgICAgICAgIjIwMCI6CiAgICAgICAgICBkZXNjcmlwdGlvbjogT0sKICAgICAgICAiNDAwIjoKICAgICAgICAgIGRlc2NyaXB0aW9uOiBCYWQgUmVxdWVzdAogICAgICAgICI1MDAiOgogICAgICAgICAgZGVzY3JpcHRpb246IEludGVybmFsIFNlcnZlciBFcnJvcgo=",
                    "path": "spec.yaml"
                  }
                ]
              }
            ],
            "project": "fyp-open-data-hackathon",
            "service_config_id": "api-config-chatbotv8-23pe8s3fdkxx4",
            "terraform_labels": {},
            "timeouts": null
          },
          "sensitive_attributes": [],
          "private": "eyJlMmJmYjczMC1lY2FhLTExZTYtOGY4OC0zNDM2M2JjN2M0YzAiOnsiY3JlYXRlIjoxMjAwMDAwMDAwMDAwLCJkZWxldGUiOjEyMDAwMDAwMDAwMDAsInVwZGF0ZSI6MTIwMDAwMDAwMDAwMH19",
          "dependencies": [
            "google_api_gateway_api.api_chatbot",
            "google_service_account.sa_api_gw_chatbot"
          ],
          "create_before_destroy": true
        }
      ]
    },
    {
      "mode": "managed",
      "type": "google_api_gateway_gateway",
      "name": "api_gw_chatbot",
      "provider": "provider[\"registry.terraform.io/hashicorp/google-beta\"]",
      "instances": [
        {
          "schema_version": 0,
          "attributes": {
            "api_config": "projects/568267399820/locations/global/apis/api-chatbot/configs/api-config-chatbotv8",
            "default_hostname": "api-gw-chatbot-7923qjyk.an.gateway.dev",
            "display_name": "API Chatbot Gateway",
            "effective_labels": {},
            "gateway_id": "api-gw-chatbot",
            "id": "projects/fyp-open-data-hackathon/locations/asia-northeast1/gateways/api-gw-chatbot",
            "labels": {},
            "name": "projects/fyp-open-data-hackathon/locations/asia-northeast1/gateways/api-gw-chatbot",
            "project": "fyp-open-data-hackathon",
            "region": "asia-northeast1",
            "terraform_labels": {},
            "timeouts": null
          },
          "sensitive_attributes": [],
          "private": "eyJlMmJmYjczMC1lY2FhLTExZTYtOGY4OC0zNDM2M2JjN2M0YzAiOnsiY3JlYXRlIjoxMjAwMDAwMDAwMDAwLCJkZWxldGUiOjEyMDAwMDAwMDAwMDAsInVwZGF0ZSI6MTIwMDAwMDAwMDAwMH19",
          "dependencies": [
            "google_api_gateway_api.api_chatbot",
            "google_api_gateway_api_config.api_config_chatbot",
            "google_service_account.sa_api_gw_chatbot"
          ]
        }
      ]
    },
    {
      "mode": "managed",
      "type": "google_apikeys_key",
      "name": "api_key_chatbot",
      "provider": "provider[\"registry.terraform.io/hashicorp/google\"]",
      "instances": [
        {
          "schema_version": 0,
          "attributes": {
            "display_name": "api-key-chatbot",
            "id": "projects/fyp-open-data-hackathon/locations/global/keys/api-key-chatbotv4",
            "key_string": "AIzaSyDdhMPubp8gw0GIzVnGMzG7bAWAGNuvwlM",
            "name": "api-key-chatbotv4",
            "project": "fyp-open-data-hackathon",
            "restrictions": [
              {
                "android_key_restrictions": [],
                "api_targets": [
                  {
                    "methods": [],
                    "service": "api-chatbot-36c075kbm0w3e.apigateway.fyp-open-data-hackathon.cloud.goog"
                  }
                ],
                "browser_key_restrictions": [],
                "ios_key_restrictions": [],
                "server_key_restrictions": []
              }
            ],
            "timeouts": null,
            "uid": "4f1d9779-9bf2-4c4d-b161-d5b05a43b454"
          },
          "sensitive_attributes": [],
          "private": "eyJlMmJmYjczMC1lY2FhLTExZTYtOGY4OC0zNDM2M2JjN2M0YzAiOnsiY3JlYXRlIjoxMjAwMDAwMDAwMDAwLCJkZWxldGUiOjEyMDAwMDAwMDAwMDAsInVwZGF0ZSI6MTIwMDAwMDAwMDAwMH19",
          "dependencies": [
            "google_api_gateway_api.api_chatbot"
          ]
        }
      ]
    },
    {
      "mode": "managed",
      "type": "google_artifact_registry_repository",
      "name": "artifact-registry-cloudrun",
      "provider": "provider[\"registry.terraform.io/hashicorp/google\"]",
      "instances": [
        {
          "schema_version": 0,
          "attributes": {
            "create_time": "2023-10-27T17:35:10.634609Z",
            "description": "",
            "docker_config": [],
            "effective_labels": {},
            "format": "DOCKER",
            "id": "projects/fyp-open-data-hackathon/locations/asia-east1/repositories/cloudrun",
            "kms_key_name": "",
            "labels": {},
            "location": "asia-east1",
            "maven_config": [],
            "mode": "STANDARD_REPOSITORY",
            "name": "cloudrun",
            "project": "fyp-open-data-hackathon",
            "remote_repository_config": [],
            "repository_id": "cloudrun",
            "terraform_labels": {},
            "timeouts": null,
            "update_time": "2023-10-27T17:35:10.634609Z",
            "virtual_repository_config": []
          },
          "sensitive_attributes": [],
          "private": "eyJlMmJmYjczMC1lY2FhLTExZTYtOGY4OC0zNDM2M2JjN2M0YzAiOnsiY3JlYXRlIjoxMjAwMDAwMDAwMDAwLCJkZWxldGUiOjEyMDAwMDAwMDAwMDAsInVwZGF0ZSI6MTIwMDAwMDAwMDAwMH19"
        }
      ]
    },
    {
      "mode": "managed",
      "type": "google_cloud_run_service",
      "name": "cloudrun_backend",
      "provider": "provider[\"registry.terraform.io/hashicorp/google\"]",
      "instances": [
        {
          "schema_version": 2,
          "attributes": {
            "autogenerate_revision_name": false,
            "id": "locations/asia-east1/namespaces/fyp-open-data-hackathon/services/cloudrun-backend",
            "location": "asia-east1",
            "metadata": [
              {
                "annotations": {},
                "effective_annotations": {
                  "run.googleapis.com/client-name": "gcloud",
                  "run.googleapis.com/client-version": "458.0.1",
                  "run.googleapis.com/ingress": "all",
                  "run.googleapis.com/ingress-status": "all",
                  "run.googleapis.com/operation-id": "b1bef54a-7e9a-4584-a39f-45811b3de5fe",
                  "serving.knative.dev/creator": "tf-editor@fyp-open-data-hackathon.iam.gserviceaccount.com",
                  "serving.knative.dev/lastModifier": "tf-editor@fyp-open-data-hackathon.iam.gserviceaccount.com"
                },
                "effective_labels": {
                  "cloud.googleapis.com/location": "asia-east1"
                },
                "generation": 13,
                "labels": {},
                "namespace": "fyp-open-data-hackathon",
                "resource_version": "AAYR23cXbL0",
                "self_link": "/apis/serving.knative.dev/v1/namespaces/568267399820/services/cloudrun-backend",
                "terraform_labels": {},
                "uid": "fe5245bb-ffd6-4a2e-addd-a125afae2767"
              }
            ],
            "name": "cloudrun-backend",
            "project": "fyp-open-data-hackathon",
            "status": [
              {
                "conditions": [
                  {
                    "message": "",
                    "reason": "",
                    "status": "True",
                    "type": "Ready"
                  },
                  {
                    "message": "",
                    "reason": "",
                    "status": "True",
                    "type": "ConfigurationsReady"
                  },
                  {
                    "message": "",
                    "reason": "",
                    "status": "True",
                    "type": "RoutesReady"
                  }
                ],
                "latest_created_revision_name": "cloudrun-backend-00013-8kb",
                "latest_ready_revision_name": "cloudrun-backend-00013-8kb",
                "observed_generation": 13,
                "traffic": [
                  {
                    "latest_revision": true,
                    "percent": 100,
                    "revision_name": "cloudrun-backend-00013-8kb",
                    "tag": "",
                    "url": ""
                  }
                ],
                "url": "https://cloudrun-backend-qskzidtbhq-de.a.run.app"
              }
            ],
            "template": [
              {
                "metadata": [
                  {
                    "annotations": {
                      "autoscaling.knative.dev/maxScale": "1",
                      "run.googleapis.com/client-name": "gcloud",
                      "run.googleapis.com/client-version": "458.0.1"
                    },
                    "generation": 0,
                    "labels": {
                      "client.knative.dev/nonce": "mglftaeqdl",
                      "run.googleapis.com/startupProbeType": "Default"
                    },
                    "name": "",
                    "namespace": "",
                    "resource_version": "",
                    "self_link": "",
                    "uid": ""
                  }
                ],
                "spec": [
                  {
                    "container_concurrency": 80,
                    "containers": [
                      {
                        "args": [],
                        "command": [],
                        "env": [],
                        "env_from": [],
                        "image": "asia-east1-docker.pkg.dev/fyp-open-data-hackathon/backend/backend:latest",
                        "liveness_probe": [],
                        "name": "",
                        "ports": [
                          {
                            "container_port": 8080,
                            "name": "http1",
                            "protocol": ""
                          }
                        ],
                        "resources": [
                          {
                            "limits": {
                              "cpu": "1000m",
                              "memory": "512Mi"
                            },
                            "requests": {}
                          }
                        ],
                        "startup_probe": [
                          {
                            "failure_threshold": 1,
                            "grpc": [],
                            "http_get": [],
                            "initial_delay_seconds": 0,
                            "period_seconds": 240,
                            "tcp_socket": [
                              {
                                "port": 8080
                              }
                            ],
                            "timeout_seconds": 240
                          }
                        ],
                        "volume_mounts": [],
                        "working_dir": ""
                      }
                    ],
                    "service_account_name": "568267399820-compute@developer.gserviceaccount.com",
                    "serving_state": "",
                    "timeout_seconds": 300,
                    "volumes": []
                  }
                ]
              }
            ],
            "timeouts": null,
            "traffic": [
              {
                "latest_revision": true,
                "percent": 100,
                "revision_name": "",
                "tag": "",
                "url": ""
              }
            ]
          },
          "sensitive_attributes": [],
          "private": "eyJlMmJmYjczMC1lY2FhLTExZTYtOGY4OC0zNDM2M2JjN2M0YzAiOnsiY3JlYXRlIjoxMjAwMDAwMDAwMDAwLCJkZWxldGUiOjEyMDAwMDAwMDAwMDAsInVwZGF0ZSI6MTIwMDAwMDAwMDAwMH0sInNjaGVtYV92ZXJzaW9uIjoiMiJ9"
        }
      ]
    },
    {
      "mode": "managed",
      "type": "google_cloud_run_service",
      "name": "cloudrun_frontend",
      "provider": "provider[\"registry.terraform.io/hashicorp/google\"]",
      "instances": [
        {
          "schema_version": 2,
          "attributes": {
            "autogenerate_revision_name": false,
            "id": "locations/asia-east1/namespaces/fyp-open-data-hackathon/services/cloudrun-frontend",
            "location": "asia-east1",
            "metadata": [
              {
                "annotations": {},
                "effective_annotations": {
                  "run.googleapis.com/client-name": "gcloud",
                  "run.googleapis.com/client-version": "461.0.0",
                  "run.googleapis.com/ingress": "all",
                  "run.googleapis.com/ingress-status": "all",
                  "run.googleapis.com/operation-id": "a95ef06a-727c-478b-9502-88cda0b1eddd",
                  "serving.knative.dev/creator": "tf-editor@fyp-open-data-hackathon.iam.gserviceaccount.com",
                  "serving.knative.dev/lastModifier": "tf-editor@fyp-open-data-hackathon.iam.gserviceaccount.com"
                },
                "effective_labels": {
                  "cloud.googleapis.com/location": "asia-east1"
                },
                "generation": 30,
                "labels": {},
                "namespace": "fyp-open-data-hackathon",
                "resource_version": "AAYR23cUXsI",
                "self_link": "/apis/serving.knative.dev/v1/namespaces/568267399820/services/cloudrun-frontend",
                "terraform_labels": {},
                "uid": "bb26867b-140d-47e0-83d2-e48a7f9ad4ee"
              }
            ],
            "name": "cloudrun-frontend",
            "project": "fyp-open-data-hackathon",
            "status": [
              {
                "conditions": [
                  {
                    "message": "",
                    "reason": "",
                    "status": "True",
                    "type": "Ready"
                  },
                  {
                    "message": "",
                    "reason": "",
                    "status": "True",
                    "type": "ConfigurationsReady"
                  },
                  {
                    "message": "",
                    "reason": "",
                    "status": "True",
                    "type": "RoutesReady"
                  }
                ],
                "latest_created_revision_name": "cloudrun-frontend-00030-gvr",
                "latest_ready_revision_name": "cloudrun-frontend-00030-gvr",
                "observed_generation": 30,
                "traffic": [
                  {
                    "latest_revision": true,
                    "percent": 100,
                    "revision_name": "cloudrun-frontend-00030-gvr",
                    "tag": "",
                    "url": ""
                  }
                ],
                "url": "https://cloudrun-frontend-qskzidtbhq-de.a.run.app"
              }
            ],
            "template": [
              {
                "metadata": [
                  {
                    "annotations": {
                      "autoscaling.knative.dev/maxScale": "1",
                      "run.googleapis.com/client-name": "gcloud",
                      "run.googleapis.com/client-version": "461.0.0"
                    },
                    "generation": 0,
                    "labels": {
                      "client.knative.dev/nonce": "baxtzgeauu",
                      "run.googleapis.com/startupProbeType": "Default"
                    },
                    "name": "",
                    "namespace": "",
                    "resource_version": "",
                    "self_link": "",
                    "uid": ""
                  }
                ],
                "spec": [
                  {
                    "container_concurrency": 80,
                    "containers": [
                      {
                        "args": [],
                        "command": [],
                        "env": [],
                        "env_from": [],
                        "image": "asia-east1-docker.pkg.dev/fyp-open-data-hackathon/frontend/frontend:latest",
                        "liveness_probe": [],
                        "name": "",
                        "ports": [
                          {
                            "container_port": 8080,
                            "name": "http1",
                            "protocol": ""
                          }
                        ],
                        "resources": [
                          {
                            "limits": {
                              "cpu": "1000m",
                              "memory": "512Mi"
                            },
                            "requests": {}
                          }
                        ],
                        "startup_probe": [
                          {
                            "failure_threshold": 1,
                            "grpc": [],
                            "http_get": [],
                            "initial_delay_seconds": 0,
                            "period_seconds": 240,
                            "tcp_socket": [
                              {
                                "port": 8080
                              }
                            ],
                            "timeout_seconds": 240
                          }
                        ],
                        "volume_mounts": [],
                        "working_dir": ""
                      }
                    ],
                    "service_account_name": "568267399820-compute@developer.gserviceaccount.com",
                    "serving_state": "",
                    "timeout_seconds": 300,
                    "volumes": []
                  }
                ]
              }
            ],
            "timeouts": null,
            "traffic": [
              {
                "latest_revision": true,
                "percent": 100,
                "revision_name": "",
                "tag": "",
                "url": ""
              }
            ]
          },
          "sensitive_attributes": [],
          "private": "eyJlMmJmYjczMC1lY2FhLTExZTYtOGY4OC0zNDM2M2JjN2M0YzAiOnsiY3JlYXRlIjoxMjAwMDAwMDAwMDAwLCJkZWxldGUiOjEyMDAwMDAwMDAwMDAsInVwZGF0ZSI6MTIwMDAwMDAwMDAwMH0sInNjaGVtYV92ZXJzaW9uIjoiMiJ9"
        }
      ]
    },
    {
      "mode": "managed",
      "type": "google_cloud_run_service_iam_policy",
      "name": "noauth_backend",
      "provider": "provider[\"registry.terraform.io/hashicorp/google\"]",
      "instances": [
        {
          "schema_version": 0,
          "attributes": {
            "etag": "BwYPRR6jUcc=",
            "id": "v1/projects/fyp-open-data-hackathon/locations/asia-east1/services/cloudrun-backend",
            "location": "asia-east1",
            "policy_data": "{\"bindings\":[{\"members\":[\"allUsers\"],\"role\":\"roles/run.invoker\"}]}",
            "project": "fyp-open-data-hackathon",
            "service": "v1/projects/fyp-open-data-hackathon/locations/asia-east1/services/cloudrun-backend"
          },
          "sensitive_attributes": [],
          "private": "bnVsbA==",
          "dependencies": [
            "data.google_iam_policy.noauth_backend",
            "google_cloud_run_service.cloudrun_backend"
          ]
        }
      ]
    },
    {
      "mode": "managed",
      "type": "google_cloud_run_service_iam_policy",
      "name": "noauth_frontend",
      "provider": "provider[\"registry.terraform.io/hashicorp/google\"]",
      "instances": [
        {
          "schema_version": 0,
          "attributes": {
            "etag": "BwYQkRWlq50=",
            "id": "v1/projects/fyp-open-data-hackathon/locations/asia-east1/services/cloudrun-frontend",
            "location": "asia-east1",
            "policy_data": "{\"bindings\":[{\"members\":[\"allUsers\"],\"role\":\"roles/run.invoker\"}]}",
            "project": "fyp-open-data-hackathon",
            "service": "v1/projects/fyp-open-data-hackathon/locations/asia-east1/services/cloudrun-frontend"
          },
          "sensitive_attributes": [],
          "private": "bnVsbA==",
          "dependencies": [
            "data.google_iam_policy.noauth_frontend",
            "google_cloud_run_service.cloudrun_frontend"
          ]
        }
      ]
    },
    {
      "mode": "managed",
      "type": "google_compute_network",
      "name": "vpc_network",
      "provider": "provider[\"registry.terraform.io/hashicorp/google\"]",
      "instances": [
        {
          "schema_version": 0,
          "attributes": {
            "auto_create_subnetworks": true,
            "delete_default_routes_on_create": false,
            "description": "",
            "enable_ula_internal_ipv6": false,
            "gateway_ipv4": "",
            "id": "projects/fyp-open-data-hackathon/global/networks/terraform-network",
            "internal_ipv6_range": "",
            "mtu": 0,
            "name": "terraform-network",
            "network_firewall_policy_enforcement_order": "AFTER_CLASSIC_FIREWALL",
            "project": "fyp-open-data-hackathon",
            "routing_mode": "REGIONAL",
            "self_link": "https://www.googleapis.com/compute/v1/projects/fyp-open-data-hackathon/global/networks/terraform-network",
            "timeouts": null
          },
          "sensitive_attributes": [],
          "private": "eyJlMmJmYjczMC1lY2FhLTExZTYtOGY4OC0zNDM2M2JjN2M0YzAiOnsiY3JlYXRlIjoxMjAwMDAwMDAwMDAwLCJkZWxldGUiOjEyMDAwMDAwMDAwMDAsInVwZGF0ZSI6MTIwMDAwMDAwMDAwMH19"
        }
      ]
    },
    {
      "mode": "managed",
      "type": "google_project_iam_member",
      "name": "api_gw_policy_role",
      "provider": "provider[\"registry.terraform.io/hashicorp/google\"]",
      "instances": [
        {
          "schema_version": 0,
          "attributes": {
            "condition": [],
            "etag": "BwYR22caffQ=",
            "id": "fyp-open-data-hackathon/roles/run.invoker/serviceAccount:sa-api-gw-chatbot@fyp-open-data-hackathon.iam.gserviceaccount.com",
            "member": "serviceAccount:sa-api-gw-chatbot@fyp-open-data-hackathon.iam.gserviceaccount.com",
            "project": "fyp-open-data-hackathon",
            "role": "roles/run.invoker"
          },
          "sensitive_attributes": [],
          "private": "bnVsbA==",
          "dependencies": [
            "google_service_account.sa_api_gw_chatbot"
          ]
        }
      ]
    },
    {
      "mode": "managed",
      "type": "google_project_iam_member",
      "name": "api_gw_policy_role2",
      "provider": "provider[\"registry.terraform.io/hashicorp/google\"]",
      "instances": [
        {
          "schema_version": 0,
          "attributes": {
            "condition": [],
            "etag": "BwYR22caffQ=",
            "id": "fyp-open-data-hackathon/roles/cloudfunctions.invoker/serviceAccount:sa-api-gw-chatbot@fyp-open-data-hackathon.iam.gserviceaccount.com",
            "member": "serviceAccount:sa-api-gw-chatbot@fyp-open-data-hackathon.iam.gserviceaccount.com",
            "project": "fyp-open-data-hackathon",
            "role": "roles/cloudfunctions.invoker"
          },
          "sensitive_attributes": [],
          "private": "bnVsbA==",
          "dependencies": [
            "google_service_account.sa_api_gw_chatbot"
          ]
        }
      ]
    },
    {
      "mode": "managed",
      "type": "google_project_service",
      "name": "project",
      "provider": "provider[\"registry.terraform.io/hashicorp/google\"]",
      "instances": [
        {
          "schema_version": 0,
          "attributes": {
            "disable_dependent_services": null,
            "disable_on_destroy": true,
            "id": "fyp-open-data-hackathon/api-chatbot-36c075kbm0w3e.apigateway.fyp-open-data-hackathon.cloud.goog",
            "project": "fyp-open-data-hackathon",
            "service": "api-chatbot-36c075kbm0w3e.apigateway.fyp-open-data-hackathon.cloud.goog",
            "timeouts": null
          },
          "sensitive_attributes": [],
          "private": "eyJlMmJmYjczMC1lY2FhLTExZTYtOGY4OC0zNDM2M2JjN2M0YzAiOnsiY3JlYXRlIjoxMjAwMDAwMDAwMDAwLCJkZWxldGUiOjEyMDAwMDAwMDAwMDAsInJlYWQiOjYwMDAwMDAwMDAwMCwidXBkYXRlIjoxMjAwMDAwMDAwMDAwfX0=",
          "dependencies": [
            "google_api_gateway_api.api_chatbot"
          ]
        }
      ]
    },
    {
      "mode": "managed",
      "type": "google_service_account",
      "name": "sa_api_gw_chatbot",
      "provider": "provider[\"registry.terraform.io/hashicorp/google\"]",
      "instances": [
        {
          "schema_version": 0,
          "attributes": {
            "account_id": "sa-api-gw-chatbot",
            "description": "",
            "disabled": false,
            "display_name": "sa-api-gw-chatbot",
            "email": "sa-api-gw-chatbot@fyp-open-data-hackathon.iam.gserviceaccount.com",
            "id": "projects/fyp-open-data-hackathon/serviceAccounts/sa-api-gw-chatbot@fyp-open-data-hackathon.iam.gserviceaccount.com",
            "member": "serviceAccount:sa-api-gw-chatbot@fyp-open-data-hackathon.iam.gserviceaccount.com",
            "name": "projects/fyp-open-data-hackathon/serviceAccounts/sa-api-gw-chatbot@fyp-open-data-hackathon.iam.gserviceaccount.com",
            "project": "fyp-open-data-hackathon",
            "timeouts": null,
            "unique_id": "103302675256229824335"
          },
          "sensitive_attributes": [],
          "private": "eyJlMmJmYjczMC1lY2FhLTExZTYtOGY4OC0zNDM2M2JjN2M0YzAiOnsiY3JlYXRlIjozMDAwMDAwMDAwMDB9fQ==",
          "create_before_destroy": true
        }
      ]
    },
    {
      "module": "module.gcloudfunc-chatbot-image",
      "mode": "data",
      "type": "archive_file",
      "name": "chatbot-zip",
      "provider": "provider[\"registry.terraform.io/hashicorp/archive\"]",
      "instances": [
        {
          "schema_version": 0,
          "attributes": {
            "exclude_symlink_directories": null,
            "excludes": null,
            "id": "bd2b60b052527e2ef2216e15f6d8f8198297605c",
            "output_base64sha256": "p4ueQjxYDpqNksg1ec0RODoTCDtbWIRSZen2YRlJ6d4=",
            "output_base64sha512": "mqKjDM+4x3TDp1UTu4/sOebNA+Ci/zJXQk+AHEEFHwx+u0KgX7rVxY4AeE0UhP3ddmaNIP0YBwUBfxutkf0TBg==",
            "output_file_mode": null,
            "output_md5": "65dae1f20dbf09febe6022cf5f2be57a",
            "output_path": "../api/gfunc/chatbot-image.zip",
            "output_sha": "bd2b60b052527e2ef2216e15f6d8f8198297605c",
            "output_sha256": "a78b9e423c580e9a8d92c83579cd11383a13083b5b58845265e9f6611949e9de",
            "output_sha512": "9aa2a30ccfb8c774c3a75513bb8fec39e6cd03e0a2ff3257424f801c41051f0c7ebb42a05fbad5c58e00784d1484fddd76668d20fd180705017f1bad91fd1306",
            "output_size": 1031,
            "source": [],
            "source_content": null,
            "source_content_filename": null,
            "source_dir": "../api/gfunc/chatbot-image",
            "source_file": null,
            "type": "zip"
          },
          "sensitive_attributes": []
        }
      ]
    },
    {
      "module": "module.gcloudfunc-chatbot-image",
      "mode": "managed",
      "type": "google_cloudfunctions2_function",
      "name": "gcloudfunc-chatbot",
      "provider": "provider[\"registry.terraform.io/hashicorp/google\"]",
      "instances": [
        {
          "schema_version": 0,
          "attributes": {
            "build_config": [
              {
                "build": "projects/568267399820/locations/asia-east1/builds/167598ac-9506-4c7c-8a8b-fa67ed05fd88",
                "docker_repository": "projects/fyp-open-data-hackathon/locations/asia-east1/repositories/gcf-artifacts",
                "entry_point": "ask",
                "environment_variables": {},
                "runtime": "python311",
                "source": [
                  {
                    "repo_source": [],
                    "storage_source": [
                      {
                        "bucket": "fyp-open-data-hackathon-gcloudfunc-chatbot-image-bucket",
                        "generation": 1708484155937719,
                        "object": "gcloudfunc-chatbot-source-65dae1f20dbf09febe6022cf5f2be57a.zip"
                      }
                    ]
                  }
                ],
                "worker_pool": ""
              }
            ],
            "description": "Google Cloud Function Chatbot for chatbot-image",
            "effective_labels": {},
            "environment": "GEN_2",
            "event_trigger": [],
            "id": "projects/fyp-open-data-hackathon/locations/asia-east1/functions/gcloudfunc-chatbot-image",
            "kms_key_name": "",
            "labels": null,
            "location": "asia-east1",
            "name": "gcloudfunc-chatbot-image",
            "project": "fyp-open-data-hackathon",
            "service_config": [
              {
                "all_traffic_on_latest_revision": true,
                "available_cpu": "1",
                "available_memory": "1Gi",
                "environment_variables": null,
                "gcf_uri": "",
                "ingress_settings": "ALLOW_ALL",
                "max_instance_count": 5,
                "max_instance_request_concurrency": 80,
                "min_instance_count": 1,
                "secret_environment_variables": [],
                "secret_volumes": [],
                "service": "projects/fyp-open-data-hackathon/locations/asia-east1/services/gcloudfunc-chatbot-image",
                "service_account_email": "chatbot-image-sa@fyp-open-data-hackathon.iam.gserviceaccount.com",
                "timeout_seconds": 60,
                "uri": "https://gcloudfunc-chatbot-image-qskzidtbhq-de.a.run.app",
                "vpc_connector": "",
                "vpc_connector_egress_settings": ""
              }
            ],
            "state": "ACTIVE",
            "terraform_labels": {},
            "timeouts": null,
            "update_time": "2024-02-21T02:57:40.804025149Z",
            "url": "https://asia-east1-fyp-open-data-hackathon.cloudfunctions.net/gcloudfunc-chatbot-image"
          },
          "sensitive_attributes": [],
          "private": "eyJlMmJmYjczMC1lY2FhLTExZTYtOGY4OC0zNDM2M2JjN2M0YzAiOnsiY3JlYXRlIjozNjAwMDAwMDAwMDAwLCJkZWxldGUiOjM2MDAwMDAwMDAwMDAsInVwZGF0ZSI6MzYwMDAwMDAwMDAwMH19",
          "dependencies": [
            "module.gcloudfunc-chatbot-image.data.archive_file.chatbot-zip",
            "module.gcloudfunc-chatbot-image.google_service_account.gcloudfunc-chatbot-account",
            "module.gcloudfunc-chatbot-image.google_storage_bucket.gcloudfunc-chatbot-bucket",
            "module.gcloudfunc-chatbot-image.google_storage_bucket_object.gcloudfunc-chatbot-source"
          ]
        }
      ]
    },
    {
      "module": "module.gcloudfunc-chatbot-image",
      "mode": "managed",
      "type": "google_project_iam_member",
      "name": "gcloudfunc-chatbot_policy_role",
      "provider": "provider[\"registry.terraform.io/hashicorp/google\"]",
      "instances": [
        {
          "schema_version": 0,
          "attributes": {
            "condition": [],
            "etag": "BwYR23dvmuk=",
            "id": "fyp-open-data-hackathon/roles/aiplatform.user/serviceAccount:chatbot-image-sa@fyp-open-data-hackathon.iam.gserviceaccount.com",
            "member": "serviceAccount:chatbot-image-sa@fyp-open-data-hackathon.iam.gserviceaccount.com",
            "project": "fyp-open-data-hackathon",
            "role": "roles/aiplatform.user"
          },
          "sensitive_attributes": [],
          "private": "bnVsbA==",
          "dependencies": [
            "module.gcloudfunc-chatbot-image.google_service_account.gcloudfunc-chatbot-account"
          ]
        }
      ]
    },
    {
      "module": "module.gcloudfunc-chatbot-image",
      "mode": "managed",
      "type": "google_service_account",
      "name": "gcloudfunc-chatbot-account",
      "provider": "provider[\"registry.terraform.io/hashicorp/google\"]",
      "instances": [
        {
          "schema_version": 0,
          "attributes": {
            "account_id": "chatbot-image-sa",
            "description": "",
            "disabled": false,
            "display_name": "ChatBot Service Account for chatbot-image",
            "email": "chatbot-image-sa@fyp-open-data-hackathon.iam.gserviceaccount.com",
            "id": "projects/fyp-open-data-hackathon/serviceAccounts/chatbot-image-sa@fyp-open-data-hackathon.iam.gserviceaccount.com",
            "member": "serviceAccount:chatbot-image-sa@fyp-open-data-hackathon.iam.gserviceaccount.com",
            "name": "projects/fyp-open-data-hackathon/serviceAccounts/chatbot-image-sa@fyp-open-data-hackathon.iam.gserviceaccount.com",
            "project": "fyp-open-data-hackathon",
            "timeouts": null,
            "unique_id": "106139544922781250555"
          },
          "sensitive_attributes": [],
          "private": "eyJlMmJmYjczMC1lY2FhLTExZTYtOGY4OC0zNDM2M2JjN2M0YzAiOnsiY3JlYXRlIjozMDAwMDAwMDAwMDB9fQ=="
        }
      ]
    },
    {
      "module": "module.gcloudfunc-chatbot-image",
      "mode": "managed",
      "type": "google_storage_bucket",
      "name": "gcloudfunc-chatbot-bucket",
      "provider": "provider[\"registry.terraform.io/hashicorp/google\"]",
      "instances": [
        {
          "schema_version": 1,
          "attributes": {
            "autoclass": [],
            "cors": [],
            "custom_placement_config": [],
            "default_event_based_hold": false,
            "effective_labels": {},
            "encryption": [],
            "force_destroy": false,
            "id": "fyp-open-data-hackathon-gcloudfunc-chatbot-image-bucket",
            "labels": null,
            "lifecycle_rule": [],
            "location": "ASIA-EAST1",
            "logging": [],
            "name": "fyp-open-data-hackathon-gcloudfunc-chatbot-image-bucket",
            "project": "fyp-open-data-hackathon",
            "public_access_prevention": "inherited",
            "requester_pays": false,
            "retention_policy": [],
            "self_link": "https://www.googleapis.com/storage/v1/b/fyp-open-data-hackathon-gcloudfunc-chatbot-image-bucket",
            "storage_class": "STANDARD",
            "terraform_labels": {},
            "timeouts": null,
            "uniform_bucket_level_access": true,
            "url": "gs://fyp-open-data-hackathon-gcloudfunc-chatbot-image-bucket",
            "versioning": [],
            "website": []
          },
          "sensitive_attributes": [],
          "private": "eyJlMmJmYjczMC1lY2FhLTExZTYtOGY4OC0zNDM2M2JjN2M0YzAiOnsiY3JlYXRlIjo2MDAwMDAwMDAwMDAsInJlYWQiOjI0MDAwMDAwMDAwMCwidXBkYXRlIjoyNDAwMDAwMDAwMDB9LCJzY2hlbWFfdmVyc2lvbiI6IjEifQ=="
        }
      ]
    },
    {
      "module": "module.gcloudfunc-chatbot-image",
      "mode": "managed",
      "type": "google_storage_bucket_object",
      "name": "gcloudfunc-chatbot-source",
      "provider": "provider[\"registry.terraform.io/hashicorp/google\"]",
      "instances": [
        {
          "schema_version": 0,
          "attributes": {
            "bucket": "fyp-open-data-hackathon-gcloudfunc-chatbot-image-bucket",
            "cache_control": "",
            "content": null,
            "content_disposition": "",
            "content_encoding": "",
            "content_language": "",
            "content_type": "application/zip",
            "crc32c": "HydVGQ==",
            "customer_encryption": [],
            "detect_md5hash": "Zdrh8g2/Cf6+YCLPXyvleg==",
            "event_based_hold": false,
            "id": "fyp-open-data-hackathon-gcloudfunc-chatbot-image-bucket-gcloudfunc-chatbot-source-65dae1f20dbf09febe6022cf5f2be57a.zip",
            "kms_key_name": "",
            "md5hash": "Zdrh8g2/Cf6+YCLPXyvleg==",
            "media_link": "https://storage.googleapis.com/download/storage/v1/b/fyp-open-data-hackathon-gcloudfunc-chatbot-image-bucket/o/gcloudfunc-chatbot-source-65dae1f20dbf09febe6022cf5f2be57a.zip?generation=1708484154978945\u0026alt=media",
            "metadata": null,
            "name": "gcloudfunc-chatbot-source-65dae1f20dbf09febe6022cf5f2be57a.zip",
            "output_name": "gcloudfunc-chatbot-source-65dae1f20dbf09febe6022cf5f2be57a.zip",
            "self_link": "https://www.googleapis.com/storage/v1/b/fyp-open-data-hackathon-gcloudfunc-chatbot-image-bucket/o/gcloudfunc-chatbot-source-65dae1f20dbf09febe6022cf5f2be57a.zip",
            "source": "../api/gfunc/chatbot-image.zip",
            "storage_class": "STANDARD",
            "temporary_hold": false,
            "timeouts": null
          },
          "sensitive_attributes": [],
          "private": "eyJlMmJmYjczMC1lY2FhLTExZTYtOGY4OC0zNDM2M2JjN2M0YzAiOnsiY3JlYXRlIjoyNDAwMDAwMDAwMDAsImRlbGV0ZSI6MjQwMDAwMDAwMDAwLCJ1cGRhdGUiOjI0MDAwMDAwMDAwMH19",
          "dependencies": [
            "module.gcloudfunc-chatbot-image.data.archive_file.chatbot-zip",
            "module.gcloudfunc-chatbot-image.google_storage_bucket.gcloudfunc-chatbot-bucket"
          ]
        }
      ]
    },
    {
      "module": "module.gcloudfunc-chatbot-map",
      "mode": "data",
      "type": "archive_file",
      "name": "chatbot-zip",
      "provider": "provider[\"registry.terraform.io/hashicorp/archive\"]",
      "instances": [
        {
          "schema_version": 0,
          "attributes": {
            "exclude_symlink_directories": null,
            "excludes": null,
            "id": "3f9a22d12c134e28c2ed74e76915a94f600def6c",
            "output_base64sha256": "ICDdAJQ8vtLcIXHBkGnF/KpoW/RJmSfCDPFqZH+TElw=",
            "output_base64sha512": "YIgN0Bc8qKuz8V+XZypcEguX6kwPngwyoOmSUxBRaxb+wowxUL1wj5rMxO2juCZKwK1eP+8mbxlWy6COuTSvvA==",
            "output_file_mode": null,
            "output_md5": "759191c5181c78a5a9eeea63ca2d5c00",
            "output_path": "../api/gfunc/chatbot-map.zip",
            "output_sha": "3f9a22d12c134e28c2ed74e76915a94f600def6c",
            "output_sha256": "2020dd00943cbed2dc2171c19069c5fcaa685bf4499927c20cf16a647f93125c",
            "output_sha512": "60880dd0173ca8abb3f15f97672a5c120b97ea4c0f9e0c32a0e9925310516b16fec28c3150bd708f9accc4eda3b8264ac0ad5e3fef266f1956cba08eb934afbc",
            "output_size": 3208,
            "source": [],
            "source_content": null,
            "source_content_filename": null,
            "source_dir": "../api/gfunc/chatbot-map",
            "source_file": null,
            "type": "zip"
          },
          "sensitive_attributes": []
        }
      ]
    },
    {
      "module": "module.gcloudfunc-chatbot-map",
      "mode": "managed",
      "type": "google_cloudfunctions2_function",
      "name": "gcloudfunc-chatbot",
      "provider": "provider[\"registry.terraform.io/hashicorp/google\"]",
      "instances": [
        {
          "schema_version": 0,
          "attributes": {
            "build_config": [
              {
                "build": "projects/568267399820/locations/asia-east1/builds/6f8dc1e0-a946-400a-b7a5-92ab16451c69",
                "docker_repository": "projects/fyp-open-data-hackathon/locations/asia-east1/repositories/gcf-artifacts",
                "entry_point": "ask",
                "environment_variables": {},
                "runtime": "python311",
                "source": [
                  {
                    "repo_source": [],
                    "storage_source": [
                      {
                        "bucket": "fyp-open-data-hackathon-gcloudfunc-chatbot-map-bucket",
                        "generation": 1708484155169989,
                        "object": "gcloudfunc-chatbot-source-759191c5181c78a5a9eeea63ca2d5c00.zip"
                      }
                    ]
                  }
                ],
                "worker_pool": ""
              }
            ],
            "description": "Google Cloud Function Chatbot for chatbot-map",
            "effective_labels": {},
            "environment": "GEN_2",
            "event_trigger": [],
            "id": "projects/fyp-open-data-hackathon/locations/asia-east1/functions/gcloudfunc-chatbot-map",
            "kms_key_name": "",
            "labels": {},
            "location": "asia-east1",
            "name": "gcloudfunc-chatbot-map",
            "project": "fyp-open-data-hackathon",
            "service_config": [
              {
                "all_traffic_on_latest_revision": true,
                "available_cpu": "1",
                "available_memory": "1Gi",
                "environment_variables": {},
                "gcf_uri": "",
                "ingress_settings": "ALLOW_ALL",
                "max_instance_count": 5,
                "max_instance_request_concurrency": 80,
                "min_instance_count": 1,
                "secret_environment_variables": [],
                "secret_volumes": [],
                "service": "projects/fyp-open-data-hackathon/locations/asia-east1/services/gcloudfunc-chatbot-map",
                "service_account_email": "chatbot-map-sa@fyp-open-data-hackathon.iam.gserviceaccount.com",
                "timeout_seconds": 60,
                "uri": "https://gcloudfunc-chatbot-map-qskzidtbhq-de.a.run.app",
                "vpc_connector": "",
                "vpc_connector_egress_settings": ""
              }
            ],
            "state": "ACTIVE",
            "terraform_labels": {},
            "timeouts": null,
            "update_time": "2024-02-21T02:58:25.640285727Z",
            "url": "https://asia-east1-fyp-open-data-hackathon.cloudfunctions.net/gcloudfunc-chatbot-map"
          },
          "sensitive_attributes": [],
          "private": "eyJlMmJmYjczMC1lY2FhLTExZTYtOGY4OC0zNDM2M2JjN2M0YzAiOnsiY3JlYXRlIjozNjAwMDAwMDAwMDAwLCJkZWxldGUiOjM2MDAwMDAwMDAwMDAsInVwZGF0ZSI6MzYwMDAwMDAwMDAwMH19",
          "dependencies": [
            "module.gcloudfunc-chatbot-map.data.archive_file.chatbot-zip",
            "module.gcloudfunc-chatbot-map.google_service_account.gcloudfunc-chatbot-account",
            "module.gcloudfunc-chatbot-map.google_storage_bucket.gcloudfunc-chatbot-bucket",
            "module.gcloudfunc-chatbot-map.google_storage_bucket_object.gcloudfunc-chatbot-source"
          ]
        }
      ]
    },
    {
      "module": "module.gcloudfunc-chatbot-map",
      "mode": "managed",
      "type": "google_project_iam_member",
      "name": "gcloudfunc-chatbot_policy_role",
      "provider": "provider[\"registry.terraform.io/hashicorp/google\"]",
      "instances": [
        {
          "schema_version": 0,
          "attributes": {
            "condition": [],
            "etag": "BwYR22caffQ=",
            "id": "fyp-open-data-hackathon/roles/aiplatform.user/serviceAccount:chatbot-map-sa@fyp-open-data-hackathon.iam.gserviceaccount.com",
            "member": "serviceAccount:chatbot-map-sa@fyp-open-data-hackathon.iam.gserviceaccount.com",
            "project": "fyp-open-data-hackathon",
            "role": "roles/aiplatform.user"
          },
          "sensitive_attributes": [],
          "private": "bnVsbA==",
          "dependencies": [
            "module.gcloudfunc-chatbot-map.google_service_account.gcloudfunc-chatbot-account"
          ]
        }
      ]
    },
    {
      "module": "module.gcloudfunc-chatbot-map",
      "mode": "managed",
      "type": "google_service_account",
      "name": "gcloudfunc-chatbot-account",
      "provider": "provider[\"registry.terraform.io/hashicorp/google\"]",
      "instances": [
        {
          "schema_version": 0,
          "attributes": {
            "account_id": "chatbot-map-sa",
            "description": "",
            "disabled": false,
            "display_name": "ChatBot Service Account for chatbot-map",
            "email": "chatbot-map-sa@fyp-open-data-hackathon.iam.gserviceaccount.com",
            "id": "projects/fyp-open-data-hackathon/serviceAccounts/chatbot-map-sa@fyp-open-data-hackathon.iam.gserviceaccount.com",
            "member": "serviceAccount:chatbot-map-sa@fyp-open-data-hackathon.iam.gserviceaccount.com",
            "name": "projects/fyp-open-data-hackathon/serviceAccounts/chatbot-map-sa@fyp-open-data-hackathon.iam.gserviceaccount.com",
            "project": "fyp-open-data-hackathon",
            "timeouts": null,
            "unique_id": "106936958952716385806"
          },
          "sensitive_attributes": [],
          "private": "eyJlMmJmYjczMC1lY2FhLTExZTYtOGY4OC0zNDM2M2JjN2M0YzAiOnsiY3JlYXRlIjozMDAwMDAwMDAwMDB9fQ=="
        }
      ]
    },
    {
      "module": "module.gcloudfunc-chatbot-map",
      "mode": "managed",
      "type": "google_storage_bucket",
      "name": "gcloudfunc-chatbot-bucket",
      "provider": "provider[\"registry.terraform.io/hashicorp/google\"]",
      "instances": [
        {
          "schema_version": 1,
          "attributes": {
            "autoclass": [],
            "cors": [],
            "custom_placement_config": [],
            "default_event_based_hold": false,
            "effective_labels": {},
            "encryption": [],
            "force_destroy": false,
            "id": "fyp-open-data-hackathon-gcloudfunc-chatbot-map-bucket",
            "labels": {},
            "lifecycle_rule": [],
            "location": "ASIA-EAST1",
            "logging": [],
            "name": "fyp-open-data-hackathon-gcloudfunc-chatbot-map-bucket",
            "project": "fyp-open-data-hackathon",
            "public_access_prevention": "inherited",
            "requester_pays": false,
            "retention_policy": [],
            "self_link": "https://www.googleapis.com/storage/v1/b/fyp-open-data-hackathon-gcloudfunc-chatbot-map-bucket",
            "storage_class": "STANDARD",
            "terraform_labels": {},
            "timeouts": null,
            "uniform_bucket_level_access": true,
            "url": "gs://fyp-open-data-hackathon-gcloudfunc-chatbot-map-bucket",
            "versioning": [],
            "website": []
          },
          "sensitive_attributes": [],
          "private": "eyJlMmJmYjczMC1lY2FhLTExZTYtOGY4OC0zNDM2M2JjN2M0YzAiOnsiY3JlYXRlIjo2MDAwMDAwMDAwMDAsInJlYWQiOjI0MDAwMDAwMDAwMCwidXBkYXRlIjoyNDAwMDAwMDAwMDB9LCJzY2hlbWFfdmVyc2lvbiI6IjEifQ=="
        }
      ]
    },
    {
      "module": "module.gcloudfunc-chatbot-map",
      "mode": "managed",
      "type": "google_storage_bucket_object",
      "name": "gcloudfunc-chatbot-source",
      "provider": "provider[\"registry.terraform.io/hashicorp/google\"]",
      "instances": [
        {
          "schema_version": 0,
          "attributes": {
            "bucket": "fyp-open-data-hackathon-gcloudfunc-chatbot-map-bucket",
            "cache_control": "",
            "content": null,
            "content_disposition": "",
            "content_encoding": "",
            "content_language": "",
            "content_type": "application/zip",
            "crc32c": "FGyo7w==",
            "customer_encryption": [],
            "detect_md5hash": "dZGRxRgceKWp7upjyi1cAA==",
            "event_based_hold": false,
            "id": "fyp-open-data-hackathon-gcloudfunc-chatbot-map-bucket-gcloudfunc-chatbot-source-759191c5181c78a5a9eeea63ca2d5c00.zip",
            "kms_key_name": "",
            "md5hash": "dZGRxRgceKWp7upjyi1cAA==",
            "media_link": "https://storage.googleapis.com/download/storage/v1/b/fyp-open-data-hackathon-gcloudfunc-chatbot-map-bucket/o/gcloudfunc-chatbot-source-759191c5181c78a5a9eeea63ca2d5c00.zip?generation=1708484153642186\u0026alt=media",
            "metadata": null,
            "name": "gcloudfunc-chatbot-source-759191c5181c78a5a9eeea63ca2d5c00.zip",
            "output_name": "gcloudfunc-chatbot-source-759191c5181c78a5a9eeea63ca2d5c00.zip",
            "self_link": "https://www.googleapis.com/storage/v1/b/fyp-open-data-hackathon-gcloudfunc-chatbot-map-bucket/o/gcloudfunc-chatbot-source-759191c5181c78a5a9eeea63ca2d5c00.zip",
            "source": "../api/gfunc/chatbot-map.zip",
            "storage_class": "STANDARD",
            "temporary_hold": false,
            "timeouts": null
          },
          "sensitive_attributes": [],
          "private": "eyJlMmJmYjczMC1lY2FhLTExZTYtOGY4OC0zNDM2M2JjN2M0YzAiOnsiY3JlYXRlIjoyNDAwMDAwMDAwMDAsImRlbGV0ZSI6MjQwMDAwMDAwMDAwLCJ1cGRhdGUiOjI0MDAwMDAwMDAwMH19",
          "dependencies": [
            "module.gcloudfunc-chatbot-map.data.archive_file.chatbot-zip",
            "module.gcloudfunc-chatbot-map.google_storage_bucket.gcloudfunc-chatbot-bucket"
          ]
        }
      ]
    },
    {
      "module": "module.gcloudfunc-chatbot-test",
      "mode": "data",
      "type": "archive_file",
      "name": "chatbot-zip",
      "provider": "provider[\"registry.terraform.io/hashicorp/archive\"]",
      "instances": [
        {
          "schema_version": 0,
          "attributes": {
            "exclude_symlink_directories": null,
            "excludes": null,
            "id": "de9e7b1b3620f3e4720c7381ee6e07217aab9386",
            "output_base64sha256": "wKT6OJj7H7Cl1UqGDBiSnT+EbSa6BSoZBbbuXRM+TG4=",
            "output_base64sha512": "GZtxbzY7AgqZIkFnrIywMXpHzSD7zMNofY+cOoNkP4SaJXyJd0e2D4UnTj/JuXr4xUuwyzawhssZ0uQ0MFUl1g==",
            "output_file_mode": null,
            "output_md5": "f1dc62ec4b858525c17d1864fcadd18b",
            "output_path": "../api/gfunc/chatbot.zip",
            "output_sha": "de9e7b1b3620f3e4720c7381ee6e07217aab9386",
            "output_sha256": "c0a4fa3898fb1fb0a5d54a860c18929d3f846d26ba052a1905b6ee5d133e4c6e",
            "output_sha512": "199b716f363b020a99224167ac8cb0317a47cd20fbccc3687d8f9c3a83643f849a257c897747b60f85274e3fc9b97af8c54bb0cb36b086cb19d2e434305525d6",
            "output_size": 1124,
            "source": [],
            "source_content": null,
            "source_content_filename": null,
            "source_dir": "../api/gfunc/chatbot",
            "source_file": null,
            "type": "zip"
          },
          "sensitive_attributes": []
        }
      ]
    },
    {
      "module": "module.gcloudfunc-chatbot-test",
      "mode": "managed",
      "type": "google_cloudfunctions2_function",
      "name": "gcloudfunc-chatbot",
      "provider": "provider[\"registry.terraform.io/hashicorp/google\"]",
      "instances": [
        {
          "schema_version": 0,
          "attributes": {
            "build_config": [
              {
                "build": "projects/568267399820/locations/asia-east1/builds/06768348-6c51-40e9-8e83-e3282d61cabf",
                "docker_repository": "projects/fyp-open-data-hackathon/locations/asia-east1/repositories/gcf-artifacts",
                "entry_point": "ask",
                "environment_variables": {},
                "runtime": "python311",
                "source": [
                  {
                    "repo_source": [],
                    "storage_source": [
                      {
                        "bucket": "fyp-open-data-hackathon-gcloudfunc-chatbot-bucket",
                        "generation": 1708484154071132,
                        "object": "gcloudfunc-chatbot-source-f1dc62ec4b858525c17d1864fcadd18b.zip"
                      }
                    ]
                  }
                ],
                "worker_pool": ""
              }
            ],
            "description": "Google Cloud Function Chatbot for chatbot",
            "effective_labels": {},
            "environment": "GEN_2",
            "event_trigger": [],
            "id": "projects/fyp-open-data-hackathon/locations/asia-east1/functions/gcloudfunc-chatbot",
            "kms_key_name": "",
            "labels": {},
            "location": "asia-east1",
            "name": "gcloudfunc-chatbot",
            "project": "fyp-open-data-hackathon",
            "service_config": [
              {
                "all_traffic_on_latest_revision": true,
                "available_cpu": "1",
                "available_memory": "1Gi",
                "environment_variables": {},
                "gcf_uri": "",
                "ingress_settings": "ALLOW_ALL",
                "max_instance_count": 5,
                "max_instance_request_concurrency": 80,
                "min_instance_count": 1,
                "secret_environment_variables": [],
                "secret_volumes": [],
                "service": "projects/fyp-open-data-hackathon/locations/asia-east1/services/gcloudfunc-chatbot",
                "service_account_email": "chatbot-sa@fyp-open-data-hackathon.iam.gserviceaccount.com",
                "timeout_seconds": 60,
                "uri": "https://gcloudfunc-chatbot-qskzidtbhq-de.a.run.app",
                "vpc_connector": "",
                "vpc_connector_egress_settings": ""
              }
            ],
            "state": "ACTIVE",
            "terraform_labels": {},
            "timeouts": null,
            "update_time": "2024-02-21T02:57:15.164231413Z",
            "url": "https://asia-east1-fyp-open-data-hackathon.cloudfunctions.net/gcloudfunc-chatbot"
          },
          "sensitive_attributes": [],
          "private": "eyJlMmJmYjczMC1lY2FhLTExZTYtOGY4OC0zNDM2M2JjN2M0YzAiOnsiY3JlYXRlIjozNjAwMDAwMDAwMDAwLCJkZWxldGUiOjM2MDAwMDAwMDAwMDAsInVwZGF0ZSI6MzYwMDAwMDAwMDAwMH19",
          "dependencies": [
            "module.gcloudfunc-chatbot-test.data.archive_file.chatbot-zip",
            "module.gcloudfunc-chatbot-test.google_service_account.gcloudfunc-chatbot-account",
            "module.gcloudfunc-chatbot-test.google_storage_bucket.gcloudfunc-chatbot-bucket",
            "module.gcloudfunc-chatbot-test.google_storage_bucket_object.gcloudfunc-chatbot-source"
          ]
        }
      ]
    },
    {
      "module": "module.gcloudfunc-chatbot-test",
      "mode": "managed",
      "type": "google_project_iam_member",
      "name": "gcloudfunc-chatbot_policy_role",
      "provider": "provider[\"registry.terraform.io/hashicorp/google\"]",
      "instances": [
        {
          "schema_version": 0,
          "attributes": {
            "condition": [],
            "etag": "BwYR22caffQ=",
            "id": "fyp-open-data-hackathon/roles/aiplatform.user/serviceAccount:chatbot-sa@fyp-open-data-hackathon.iam.gserviceaccount.com",
            "member": "serviceAccount:chatbot-sa@fyp-open-data-hackathon.iam.gserviceaccount.com",
            "project": "fyp-open-data-hackathon",
            "role": "roles/aiplatform.user"
          },
          "sensitive_attributes": [],
          "private": "bnVsbA==",
          "dependencies": [
            "module.gcloudfunc-chatbot-test.google_service_account.gcloudfunc-chatbot-account"
          ]
        }
      ]
    },
    {
      "module": "module.gcloudfunc-chatbot-test",
      "mode": "managed",
      "type": "google_service_account",
      "name": "gcloudfunc-chatbot-account",
      "provider": "provider[\"registry.terraform.io/hashicorp/google\"]",
      "instances": [
        {
          "schema_version": 0,
          "attributes": {
            "account_id": "chatbot-sa",
            "description": "",
            "disabled": false,
            "display_name": "ChatBot Service Account for chatbot",
            "email": "chatbot-sa@fyp-open-data-hackathon.iam.gserviceaccount.com",
            "id": "projects/fyp-open-data-hackathon/serviceAccounts/chatbot-sa@fyp-open-data-hackathon.iam.gserviceaccount.com",
            "member": "serviceAccount:chatbot-sa@fyp-open-data-hackathon.iam.gserviceaccount.com",
            "name": "projects/fyp-open-data-hackathon/serviceAccounts/chatbot-sa@fyp-open-data-hackathon.iam.gserviceaccount.com",
            "project": "fyp-open-data-hackathon",
            "timeouts": null,
            "unique_id": "101094817703677356526"
          },
          "sensitive_attributes": [],
          "private": "eyJlMmJmYjczMC1lY2FhLTExZTYtOGY4OC0zNDM2M2JjN2M0YzAiOnsiY3JlYXRlIjozMDAwMDAwMDAwMDB9fQ=="
        }
      ]
    },
    {
      "module": "module.gcloudfunc-chatbot-test",
      "mode": "managed",
      "type": "google_storage_bucket",
      "name": "gcloudfunc-chatbot-bucket",
      "provider": "provider[\"registry.terraform.io/hashicorp/google\"]",
      "instances": [
        {
          "schema_version": 1,
          "attributes": {
            "autoclass": [],
            "cors": [],
            "custom_placement_config": [],
            "default_event_based_hold": false,
            "effective_labels": {},
            "encryption": [],
            "force_destroy": false,
            "id": "fyp-open-data-hackathon-gcloudfunc-chatbot-bucket",
            "labels": {},
            "lifecycle_rule": [],
            "location": "ASIA-EAST1",
            "logging": [],
            "name": "fyp-open-data-hackathon-gcloudfunc-chatbot-bucket",
            "project": "fyp-open-data-hackathon",
            "public_access_prevention": "inherited",
            "requester_pays": false,
            "retention_policy": [],
            "self_link": "https://www.googleapis.com/storage/v1/b/fyp-open-data-hackathon-gcloudfunc-chatbot-bucket",
            "storage_class": "STANDARD",
            "terraform_labels": {},
            "timeouts": null,
            "uniform_bucket_level_access": true,
            "url": "gs://fyp-open-data-hackathon-gcloudfunc-chatbot-bucket",
            "versioning": [],
            "website": []
          },
          "sensitive_attributes": [],
          "private": "eyJlMmJmYjczMC1lY2FhLTExZTYtOGY4OC0zNDM2M2JjN2M0YzAiOnsiY3JlYXRlIjo2MDAwMDAwMDAwMDAsInJlYWQiOjI0MDAwMDAwMDAwMCwidXBkYXRlIjoyNDAwMDAwMDAwMDB9LCJzY2hlbWFfdmVyc2lvbiI6IjEifQ=="
        }
      ]
    },
    {
      "module": "module.gcloudfunc-chatbot-test",
      "mode": "managed",
      "type": "google_storage_bucket_object",
      "name": "gcloudfunc-chatbot-source",
      "provider": "provider[\"registry.terraform.io/hashicorp/google\"]",
      "instances": [
        {
          "schema_version": 0,
          "attributes": {
            "bucket": "fyp-open-data-hackathon-gcloudfunc-chatbot-bucket",
            "cache_control": "",
            "content": null,
            "content_disposition": "",
            "content_encoding": "",
            "content_language": "",
            "content_type": "application/zip",
            "crc32c": "gV+fcg==",
            "customer_encryption": [],
            "detect_md5hash": "8dxi7EuFhSXBfRhk/K3Riw==",
            "event_based_hold": false,
            "id": "fyp-open-data-hackathon-gcloudfunc-chatbot-bucket-gcloudfunc-chatbot-source-f1dc62ec4b858525c17d1864fcadd18b.zip",
            "kms_key_name": "",
            "md5hash": "8dxi7EuFhSXBfRhk/K3Riw==",
            "media_link": "https://storage.googleapis.com/download/storage/v1/b/fyp-open-data-hackathon-gcloudfunc-chatbot-bucket/o/gcloudfunc-chatbot-source-f1dc62ec4b858525c17d1864fcadd18b.zip?generation=1700631555870763\u0026alt=media",
            "metadata": {},
            "name": "gcloudfunc-chatbot-source-f1dc62ec4b858525c17d1864fcadd18b.zip",
            "output_name": "gcloudfunc-chatbot-source-f1dc62ec4b858525c17d1864fcadd18b.zip",
            "self_link": "https://www.googleapis.com/storage/v1/b/fyp-open-data-hackathon-gcloudfunc-chatbot-bucket/o/gcloudfunc-chatbot-source-f1dc62ec4b858525c17d1864fcadd18b.zip",
            "source": "../api/gfunc/chatbot.zip",
            "storage_class": "STANDARD",
            "temporary_hold": false,
            "timeouts": null
          },
          "sensitive_attributes": [],
          "private": "eyJlMmJmYjczMC1lY2FhLTExZTYtOGY4OC0zNDM2M2JjN2M0YzAiOnsiY3JlYXRlIjoyNDAwMDAwMDAwMDAsImRlbGV0ZSI6MjQwMDAwMDAwMDAwLCJ1cGRhdGUiOjI0MDAwMDAwMDAwMH19",
          "dependencies": [
            "module.gcloudfunc-chatbot-test.data.archive_file.chatbot-zip",
            "module.gcloudfunc-chatbot-test.google_storage_bucket.gcloudfunc-chatbot-bucket"
          ]
        }
      ]
    }
  ],
  "check_results": null
}
