{
  "version": 4,
  "terraform_version": "1.6.4",
  "serial": 332,
  "lineage": "574224c2-1656-616d-94d1-53a8d7c6e984",
  "outputs": {
    "gateway_uri": {
      "value": "api-gw-chatbot",
      "type": "string"
    }
  },
  "resources": [
    {
      "mode": "data",
      "type": "google_iam_policy",
      "name": "noauth_backend",
      "provider": "provider[\"registry.terraform.io/hashicorp/google\"]",
      "instances": [
        {
          "schema_version": 0,
          "attributes": {
            "audit_config": null,
            "binding": [
              {
                "condition": [],
                "members": [
                  "allUsers"
                ],
                "role": "roles/run.invoker"
              }
            ],
            "id": "3450855414",
            "policy_data": "{\"bindings\":[{\"members\":[\"allUsers\"],\"role\":\"roles/run.invoker\"}]}"
          },
          "sensitive_attributes": []
        }
      ]
    },
    {
      "mode": "data",
      "type": "google_iam_policy",
      "name": "noauth_frontend",
      "provider": "provider[\"registry.terraform.io/hashicorp/google\"]",
      "instances": [
        {
          "schema_version": 0,
          "attributes": {
            "audit_config": null,
            "binding": [
              {
                "condition": [],
                "members": [
                  "allUsers"
                ],
                "role": "roles/run.invoker"
              }
            ],
            "id": "3450855414",
            "policy_data": "{\"bindings\":[{\"members\":[\"allUsers\"],\"role\":\"roles/run.invoker\"}]}"
          },
          "sensitive_attributes": []
        }
      ]
    },
    {
      "mode": "managed",
      "type": "google_api_gateway_api",
      "name": "api_chatbot",
      "provider": "provider[\"registry.terraform.io/hashicorp/google-beta\"]",
      "instances": [
        {
          "schema_version": 0,
          "attributes": {
            "api_id": "api-chatbot",
            "create_time": "2023-10-27T17:35:10.707344401Z",
            "display_name": "api-chatbot",
            "effective_labels": {},
            "id": "projects/fyp-open-data-hackathon/locations/global/apis/api-chatbot",
            "labels": {},
            "managed_service": "api-chatbot-36c075kbm0w3e.apigateway.fyp-open-data-hackathon.cloud.goog",
            "name": "projects/fyp-open-data-hackathon/locations/global/apis/api-chatbot",
            "project": "fyp-open-data-hackathon",
            "terraform_labels": {},
            "timeouts": null
          },
          "sensitive_attributes": [],
          "private": "eyJlMmJmYjczMC1lY2FhLTExZTYtOGY4OC0zNDM2M2JjN2M0YzAiOnsiY3JlYXRlIjoxMjAwMDAwMDAwMDAwLCJkZWxldGUiOjEyMDAwMDAwMDAwMDAsInVwZGF0ZSI6MTIwMDAwMDAwMDAwMH19",
          "create_before_destroy": true
        }
      ]
    },
    {
      "mode": "managed",
      "type": "google_api_gateway_api_config",
      "name": "api_config_chatbot",
      "provider": "provider[\"registry.terraform.io/hashicorp/google-beta\"]",
      "instances": [
        {
          "schema_version": 0,
          "attributes": {
            "api": "api-chatbot",
            "api_config_id": "api-config-chatbotv4",
            "api_config_id_prefix": null,
            "display_name": "api-config-chatbotv4",
            "effective_labels": {},
            "gateway_config": [],
            "grpc_services": [],
            "id": "projects/fyp-open-data-hackathon/locations/global/apis/api-chatbot/configs/api-config-chatbotv4",
            "labels": {},
            "managed_service_configs": [],
            "name": "projects/568267399820/locations/global/apis/api-chatbot/configs/api-config-chatbotv4",
            "openapi_documents": [
              {
                "document": [
                  {
                    "contents": "c3dhZ2dlcjogIjIuMCIKaW5mbzoKICB0aXRsZTogQVBJIENoYXRCb3QKICBkZXNjcmlwdGlvbjogIkFzayBDaGF0Qm90LiIKICB2ZXJzaW9uOiAiMTAuMC4wIgoKc2NoZW1lczoKICAtICJodHRwcyIKCgpzZWN1cml0eToKICAtIGFwaV9rZXk6IFtdCnNlY3VyaXR5RGVmaW5pdGlvbnM6CgogICBhcGlfa2V5OgogICAgIG5hbWU6IGFwaV9rZXkKICAgICB0eXBlOiBhcGlLZXkKICAgICBpbjogcXVlcnkKCnBhdGhzOgogICIvYXNrIjoKICAgIHBvc3Q6CiAgICAgIAogICAgICB4LWdvb2dsZS1iYWNrZW5kOgogICAgICAgIGFkZHJlc3M6IGh0dHBzOi8vYXNpYS1lYXN0MS1meXAtb3Blbi1kYXRhLWhhY2thdGhvbi5jbG91ZGZ1bmN0aW9ucy5uZXQvZ2Nsb3VkZnVuYy1jaGF0Ym90CiAgICAgIGRlc2NyaXB0aW9uOiAiR2V0IGFuc3dlciBieSBhc2tpbmcgQ2hhdEJvdC4iCiAgICAgIG9wZXJhdGlvbklkOiAiYXNrIgogICAgICBwYXJhbWV0ZXJzOgogICAgICAgIC0gbmFtZTogYm9keQogICAgICAgICAgaW46IGJvZHkKICAgICAgICAgIHJlcXVpcmVkOiB0cnVlCiAgICAgICAgICBzY2hlbWE6CiAgICAgICAgICAgIHR5cGU6IG9iamVjdAogICAgICAgICAgICBwcm9wZXJ0aWVzOgogICAgICAgICAgICAgIHVzZXJfaWQ6CiAgICAgICAgICAgICAgICB0eXBlOiBzdHJpbmcKICAgICAgICAgICAgICBkYXRhOgogICAgICAgICAgICAgICAgdHlwZTogb2JqZWN0CiAgICAgICAgICAgICAgICBwcm9wZXJ0aWVzOgogICAgICAgICAgICAgICAgICBjaGF0OgogICAgICAgICAgICAgICAgICAgIHR5cGU6IHN0cmluZwogICAgICAgICAgICAgICAgICBraW5kOgogICAgICAgICAgICAgICAgICAgIHR5cGU6IHN0cmluZwogICAgICAgICAgICAgICAgICBjb29yZGluYXRlczoKICAgICAgICAgICAgICAgICAgICB0eXBlOiBhcnJheQogICAgICAgICAgICAgICAgICAgIGl0ZW1zOgogICAgICAgICAgICAgICAgICAgICAgdHlwZTogbnVtYmVyCgogICAgICByZXNwb25zZXM6CiAgICAgICAgJzIwMCc6CiAgICAgICAgICBkZXNjcmlwdGlvbjogT0sKICAgICAgICAnNDAwJzoKICAgICAgICAgIGRlc2NyaXB0aW9uOiBCYWQgUmVxdWVzdAogICAgICAgICc1MDAnOgogICAgICAgICAgZGVzY3JpcHRpb246IEludGVybmFsIFNlcnZlciBFcnJvcgo=",
                    "path": "spec.yaml"
                  }
                ]
              }
            ],
            "project": "fyp-open-data-hackathon",
            "service_config_id": "api-config-chatbotv4-349un0r5x8l1c",
            "terraform_labels": {},
            "timeouts": null
          },
          "sensitive_attributes": [],
          "private": "eyJlMmJmYjczMC1lY2FhLTExZTYtOGY4OC0zNDM2M2JjN2M0YzAiOnsiY3JlYXRlIjoxMjAwMDAwMDAwMDAwLCJkZWxldGUiOjEyMDAwMDAwMDAwMDAsInVwZGF0ZSI6MTIwMDAwMDAwMDAwMH19",
          "dependencies": [
            "google_api_gateway_api.api_chatbot"
          ],
          "create_before_destroy": true
        }
      ]
    },
    {
      "mode": "managed",
      "type": "google_api_gateway_gateway",
      "name": "api_gw_chatbot",
      "provider": "provider[\"registry.terraform.io/hashicorp/google-beta\"]",
      "instances": [
        {
          "schema_version": 0,
          "attributes": {
            "api_config": "projects/568267399820/locations/global/apis/api-chatbot/configs/api-config-chatbotv4",
            "default_hostname": "api-gw-chatbot-7923qjyk.an.gateway.dev",
            "display_name": "api-gw-chatbot",
            "effective_labels": {},
            "gateway_id": "api-gw-chatbot",
            "id": "projects/fyp-open-data-hackathon/locations/asia-northeast1/gateways/api-gw-chatbot",
            "labels": {},
            "name": "projects/fyp-open-data-hackathon/locations/asia-northeast1/gateways/api-gw-chatbot",
            "project": "fyp-open-data-hackathon",
            "region": "asia-northeast1",
            "terraform_labels": {},
            "timeouts": null
          },
          "sensitive_attributes": [],
          "private": "eyJlMmJmYjczMC1lY2FhLTExZTYtOGY4OC0zNDM2M2JjN2M0YzAiOnsiY3JlYXRlIjoxMjAwMDAwMDAwMDAwLCJkZWxldGUiOjEyMDAwMDAwMDAwMDAsInVwZGF0ZSI6MTIwMDAwMDAwMDAwMH19",
          "dependencies": [
            "google_api_gateway_api.api_chatbot",
            "google_api_gateway_api_config.api_config_chatbot"
          ]
        }
      ]
    },
    {
      "mode": "managed",
      "type": "google_apikeys_key",
      "name": "api_key_chatbot",
      "provider": "provider[\"registry.terraform.io/hashicorp/google\"]",
      "instances": [
        {
          "schema_version": 0,
          "attributes": {
            "display_name": "api-key-chatbot",
            "id": "projects/fyp-open-data-hackathon/locations/global/keys/api-key-chatbotv4",
            "key_string": "AIzaSyDdhMPubp8gw0GIzVnGMzG7bAWAGNuvwlM",
            "name": "api-key-chatbotv4",
            "project": "fyp-open-data-hackathon",
            "restrictions": [
              {
                "android_key_restrictions": [],
                "api_targets": [
                  {
                    "methods": null,
                    "service": "api-chatbot-36c075kbm0w3e.apigateway.fyp-open-data-hackathon.cloud.goog"
                  }
                ],
                "browser_key_restrictions": [],
                "ios_key_restrictions": [],
                "server_key_restrictions": []
              }
            ],
            "timeouts": null,
            "uid": "4f1d9779-9bf2-4c4d-b161-d5b05a43b454"
          },
          "sensitive_attributes": [],
          "private": "eyJlMmJmYjczMC1lY2FhLTExZTYtOGY4OC0zNDM2M2JjN2M0YzAiOnsiY3JlYXRlIjoxMjAwMDAwMDAwMDAwLCJkZWxldGUiOjEyMDAwMDAwMDAwMDAsInVwZGF0ZSI6MTIwMDAwMDAwMDAwMH19",
          "dependencies": [
            "google_api_gateway_api.api_chatbot"
          ]
        }
      ]
    },
    {
      "mode": "managed",
      "type": "google_artifact_registry_repository",
      "name": "artifact-registry-cloudrun",
      "provider": "provider[\"registry.terraform.io/hashicorp/google\"]",
      "instances": [
        {
          "schema_version": 0,
          "attributes": {
            "create_time": "2023-10-27T17:35:10.634609Z",
            "description": "",
            "docker_config": [],
            "effective_labels": {},
            "format": "DOCKER",
            "id": "projects/fyp-open-data-hackathon/locations/asia-east1/repositories/cloudrun",
            "kms_key_name": "",
            "labels": {},
            "location": "asia-east1",
            "maven_config": [],
            "mode": "STANDARD_REPOSITORY",
            "name": "cloudrun",
            "project": "fyp-open-data-hackathon",
            "remote_repository_config": [],
            "repository_id": "cloudrun",
            "terraform_labels": {},
            "timeouts": null,
            "update_time": "2023-10-27T17:35:10.634609Z",
            "virtual_repository_config": []
          },
          "sensitive_attributes": [],
          "private": "eyJlMmJmYjczMC1lY2FhLTExZTYtOGY4OC0zNDM2M2JjN2M0YzAiOnsiY3JlYXRlIjoxMjAwMDAwMDAwMDAwLCJkZWxldGUiOjEyMDAwMDAwMDAwMDAsInVwZGF0ZSI6MTIwMDAwMDAwMDAwMH19"
        }
      ]
    },
    {
      "mode": "managed",
      "type": "google_cloud_run_service",
      "name": "cloudrun_backend",
      "provider": "provider[\"registry.terraform.io/hashicorp/google\"]",
      "instances": [
        {
          "schema_version": 2,
          "attributes": {
            "autogenerate_revision_name": false,
            "id": "locations/asia-east1/namespaces/fyp-open-data-hackathon/services/cloudrun-backend",
            "location": "asia-east1",
            "metadata": [
              {
                "annotations": {},
                "effective_annotations": {
                  "run.googleapis.com/client-name": "gcloud",
                  "run.googleapis.com/client-version": "452.0.1",
                  "run.googleapis.com/ingress": "all",
                  "run.googleapis.com/ingress-status": "all",
                  "run.googleapis.com/operation-id": "627ca69d-0225-4ea3-b999-0091bf507bea",
                  "serving.knative.dev/creator": "tf-editor@fyp-open-data-hackathon.iam.gserviceaccount.com",
                  "serving.knative.dev/lastModifier": "tf-editor@fyp-open-data-hackathon.iam.gserviceaccount.com"
                },
                "effective_labels": {
                  "cloud.googleapis.com/location": "asia-east1"
                },
                "generation": 3,
                "labels": {},
                "namespace": "fyp-open-data-hackathon",
                "resource_version": "AAYJGpBMg3Y",
                "self_link": "/apis/serving.knative.dev/v1/namespaces/568267399820/services/cloudrun-backend",
                "terraform_labels": {},
                "uid": "fe5245bb-ffd6-4a2e-addd-a125afae2767"
              }
            ],
            "name": "cloudrun-backend",
            "project": "fyp-open-data-hackathon",
            "status": [
              {
                "conditions": [
                  {
                    "message": "",
                    "reason": "",
                    "status": "True",
                    "type": "Ready"
                  },
                  {
                    "message": "",
                    "reason": "",
                    "status": "True",
                    "type": "ConfigurationsReady"
                  },
                  {
                    "message": "",
                    "reason": "",
                    "status": "True",
                    "type": "RoutesReady"
                  }
                ],
                "latest_created_revision_name": "cloudrun-backend-00003-nlt",
                "latest_ready_revision_name": "cloudrun-backend-00003-nlt",
                "observed_generation": 3,
                "traffic": [
                  {
                    "latest_revision": true,
                    "percent": 100,
                    "revision_name": "cloudrun-backend-00003-nlt",
                    "tag": "",
                    "url": ""
                  }
                ],
                "url": "https://cloudrun-backend-qskzidtbhq-de.a.run.app"
              }
            ],
            "template": [
              {
                "metadata": [
                  {
                    "annotations": {
                      "autoscaling.knative.dev/maxScale": "1"
                    },
                    "generation": 0,
                    "labels": {
                      "client.knative.dev/nonce": "hyxurnilrb",
                      "run.googleapis.com/startupProbeType": "Default"
                    },
                    "name": "",
                    "namespace": "",
                    "resource_version": "",
                    "self_link": "",
                    "uid": ""
                  }
                ],
                "spec": [
                  {
                    "container_concurrency": 80,
                    "containers": [
                      {
                        "args": [],
                        "command": [],
                        "env": [],
                        "env_from": [],
                        "image": "asia-east1-docker.pkg.dev/fyp-open-data-hackathon/backend/backend:latest",
                        "liveness_probe": [],
                        "name": "",
                        "ports": [
                          {
                            "container_port": 8080,
                            "name": "http1",
                            "protocol": ""
                          }
                        ],
                        "resources": [
                          {
                            "limits": {
                              "cpu": "1000m",
                              "memory": "512Mi"
                            },
                            "requests": {}
                          }
                        ],
                        "startup_probe": [
                          {
                            "failure_threshold": 1,
                            "grpc": [],
                            "http_get": [],
                            "initial_delay_seconds": 0,
                            "period_seconds": 240,
                            "tcp_socket": [
                              {
                                "port": 8080
                              }
                            ],
                            "timeout_seconds": 240
                          }
                        ],
                        "volume_mounts": [],
                        "working_dir": ""
                      }
                    ],
                    "service_account_name": "568267399820-compute@developer.gserviceaccount.com",
                    "serving_state": "",
                    "timeout_seconds": 300,
                    "volumes": []
                  }
                ]
              }
            ],
            "timeouts": null,
            "traffic": [
              {
                "latest_revision": true,
                "percent": 100,
                "revision_name": "",
                "tag": "",
                "url": ""
              }
            ]
          },
          "sensitive_attributes": [],
          "private": "eyJlMmJmYjczMC1lY2FhLTExZTYtOGY4OC0zNDM2M2JjN2M0YzAiOnsiY3JlYXRlIjoxMjAwMDAwMDAwMDAwLCJkZWxldGUiOjEyMDAwMDAwMDAwMDAsInVwZGF0ZSI6MTIwMDAwMDAwMDAwMH0sInNjaGVtYV92ZXJzaW9uIjoiMiJ9"
        }
      ]
    },
    {
      "mode": "managed",
      "type": "google_cloud_run_service",
      "name": "cloudrun_frontend",
      "provider": "provider[\"registry.terraform.io/hashicorp/google\"]",
      "instances": [
        {
          "schema_version": 2,
          "attributes": {
            "autogenerate_revision_name": false,
            "id": "locations/asia-east1/namespaces/fyp-open-data-hackathon/services/cloudrun-frontend",
            "location": "asia-east1",
            "metadata": [
              {
                "annotations": {},
                "effective_annotations": {
                  "run.googleapis.com/client-name": "gcloud",
                  "run.googleapis.com/client-version": "453.0.0",
                  "run.googleapis.com/ingress": "all",
                  "run.googleapis.com/ingress-status": "all",
                  "run.googleapis.com/operation-id": "89e4d1e7-f3aa-46ad-a611-b07906acf1f5",
                  "serving.knative.dev/creator": "tf-editor@fyp-open-data-hackathon.iam.gserviceaccount.com",
                  "serving.knative.dev/lastModifier": "tf-editor@fyp-open-data-hackathon.iam.gserviceaccount.com"
                },
                "effective_labels": {
                  "cloud.googleapis.com/location": "asia-east1"
                },
                "generation": 6,
                "labels": {},
                "namespace": "fyp-open-data-hackathon",
                "resource_version": "AAYKQFeFvTA",
                "self_link": "/apis/serving.knative.dev/v1/namespaces/568267399820/services/cloudrun-frontend",
                "terraform_labels": {},
                "uid": "bb26867b-140d-47e0-83d2-e48a7f9ad4ee"
              }
            ],
            "name": "cloudrun-frontend",
            "project": "fyp-open-data-hackathon",
            "status": [
              {
                "conditions": [
                  {
                    "message": "",
                    "reason": "",
                    "status": "True",
                    "type": "Ready"
                  },
                  {
                    "message": "",
                    "reason": "",
                    "status": "True",
                    "type": "ConfigurationsReady"
                  },
                  {
                    "message": "",
                    "reason": "",
                    "status": "True",
                    "type": "RoutesReady"
                  }
                ],
                "latest_created_revision_name": "cloudrun-frontend-00006-rwl",
                "latest_ready_revision_name": "cloudrun-frontend-00006-rwl",
                "observed_generation": 6,
                "traffic": [
                  {
                    "latest_revision": true,
                    "percent": 100,
                    "revision_name": "cloudrun-frontend-00006-rwl",
                    "tag": "",
                    "url": ""
                  }
                ],
                "url": "https://cloudrun-frontend-qskzidtbhq-de.a.run.app"
              }
            ],
            "template": [
              {
                "metadata": [
                  {
                    "annotations": {
                      "autoscaling.knative.dev/maxScale": "1",
                      "run.googleapis.com/client-name": "gcloud",
                      "run.googleapis.com/client-version": "453.0.0"
                    },
                    "generation": 0,
                    "labels": {
                      "client.knative.dev/nonce": "zvommbohoe",
                      "run.googleapis.com/startupProbeType": "Default"
                    },
                    "name": "",
                    "namespace": "",
                    "resource_version": "",
                    "self_link": "",
                    "uid": ""
                  }
                ],
                "spec": [
                  {
                    "container_concurrency": 80,
                    "containers": [
                      {
                        "args": [],
                        "command": [],
                        "env": [],
                        "env_from": [],
                        "image": "asia-east1-docker.pkg.dev/fyp-open-data-hackathon/frontend/frontend:latest",
                        "liveness_probe": [],
                        "name": "",
                        "ports": [
                          {
                            "container_port": 8080,
                            "name": "http1",
                            "protocol": ""
                          }
                        ],
                        "resources": [
                          {
                            "limits": {
                              "cpu": "1000m",
                              "memory": "512Mi"
                            },
                            "requests": {}
                          }
                        ],
                        "startup_probe": [
                          {
                            "failure_threshold": 1,
                            "grpc": [],
                            "http_get": [],
                            "initial_delay_seconds": 0,
                            "period_seconds": 240,
                            "tcp_socket": [
                              {
                                "port": 8080
                              }
                            ],
                            "timeout_seconds": 240
                          }
                        ],
                        "volume_mounts": [],
                        "working_dir": ""
                      }
                    ],
                    "service_account_name": "568267399820-compute@developer.gserviceaccount.com",
                    "serving_state": "",
                    "timeout_seconds": 300,
                    "volumes": []
                  }
                ]
              }
            ],
            "timeouts": null,
            "traffic": [
              {
                "latest_revision": true,
                "percent": 100,
                "revision_name": "",
                "tag": "",
                "url": ""
              }
            ]
          },
          "sensitive_attributes": [],
          "private": "eyJlMmJmYjczMC1lY2FhLTExZTYtOGY4OC0zNDM2M2JjN2M0YzAiOnsiY3JlYXRlIjoxMjAwMDAwMDAwMDAwLCJkZWxldGUiOjEyMDAwMDAwMDAwMDAsInVwZGF0ZSI6MTIwMDAwMDAwMDAwMH0sInNjaGVtYV92ZXJzaW9uIjoiMiJ9"
        }
      ]
    },
    {
      "mode": "managed",
      "type": "google_cloud_run_service_iam_policy",
      "name": "noauth_backend",
      "provider": "provider[\"registry.terraform.io/hashicorp/google\"]",
      "instances": [
        {
          "schema_version": 0,
          "attributes": {
            "etag": "BwYJGVqgL5M=",
            "id": "v1/projects/fyp-open-data-hackathon/locations/asia-east1/services/cloudrun-backend",
            "location": "asia-east1",
            "policy_data": "{\"bindings\":[{\"members\":[\"allUsers\"],\"role\":\"roles/run.invoker\"}]}",
            "project": "fyp-open-data-hackathon",
            "service": "v1/projects/fyp-open-data-hackathon/locations/asia-east1/services/cloudrun-backend"
          },
          "sensitive_attributes": [],
          "private": "bnVsbA==",
          "dependencies": [
            "data.google_iam_policy.noauth_backend",
            "google_cloud_run_service.cloudrun_backend"
          ]
        }
      ]
    },
    {
      "mode": "managed",
      "type": "google_cloud_run_service_iam_policy",
      "name": "noauth_frontend",
      "provider": "provider[\"registry.terraform.io/hashicorp/google\"]",
      "instances": [
        {
          "schema_version": 0,
          "attributes": {
            "etag": "BwYJ0mbAj7w=",
            "id": "v1/projects/fyp-open-data-hackathon/locations/asia-east1/services/cloudrun-frontend",
            "location": "asia-east1",
            "policy_data": "{\"bindings\":[{\"members\":[\"allUsers\"],\"role\":\"roles/run.invoker\"}]}",
            "project": "fyp-open-data-hackathon",
            "service": "v1/projects/fyp-open-data-hackathon/locations/asia-east1/services/cloudrun-frontend"
          },
          "sensitive_attributes": [],
          "private": "bnVsbA==",
          "dependencies": [
            "data.google_iam_policy.noauth_frontend",
            "google_cloud_run_service.cloudrun_frontend"
          ]
        }
      ]
    },
    {
      "mode": "managed",
      "type": "google_compute_network",
      "name": "vpc_network",
      "provider": "provider[\"registry.terraform.io/hashicorp/google\"]",
      "instances": [
        {
          "schema_version": 0,
          "attributes": {
            "auto_create_subnetworks": true,
            "delete_default_routes_on_create": false,
            "description": "",
            "enable_ula_internal_ipv6": false,
            "gateway_ipv4": "",
            "id": "projects/fyp-open-data-hackathon/global/networks/terraform-network",
            "internal_ipv6_range": "",
            "mtu": 0,
            "name": "terraform-network",
            "network_firewall_policy_enforcement_order": "AFTER_CLASSIC_FIREWALL",
            "project": "fyp-open-data-hackathon",
            "routing_mode": "REGIONAL",
            "self_link": "https://www.googleapis.com/compute/v1/projects/fyp-open-data-hackathon/global/networks/terraform-network",
            "timeouts": null
          },
          "sensitive_attributes": [],
          "private": "eyJlMmJmYjczMC1lY2FhLTExZTYtOGY4OC0zNDM2M2JjN2M0YzAiOnsiY3JlYXRlIjoxMjAwMDAwMDAwMDAwLCJkZWxldGUiOjEyMDAwMDAwMDAwMDAsInVwZGF0ZSI6MTIwMDAwMDAwMDAwMH19"
        }
      ]
    },
    {
      "mode": "managed",
      "type": "google_project_service",
      "name": "project",
      "provider": "provider[\"registry.terraform.io/hashicorp/google\"]",
      "instances": [
        {
          "schema_version": 0,
          "attributes": {
            "disable_dependent_services": null,
            "disable_on_destroy": true,
            "id": "fyp-open-data-hackathon/api-chatbot-36c075kbm0w3e.apigateway.fyp-open-data-hackathon.cloud.goog",
            "project": "fyp-open-data-hackathon",
            "service": "api-chatbot-36c075kbm0w3e.apigateway.fyp-open-data-hackathon.cloud.goog",
            "timeouts": null
          },
          "sensitive_attributes": [],
          "private": "eyJlMmJmYjczMC1lY2FhLTExZTYtOGY4OC0zNDM2M2JjN2M0YzAiOnsiY3JlYXRlIjoxMjAwMDAwMDAwMDAwLCJkZWxldGUiOjEyMDAwMDAwMDAwMDAsInJlYWQiOjYwMDAwMDAwMDAwMCwidXBkYXRlIjoxMjAwMDAwMDAwMDAwfX0=",
          "dependencies": [
            "google_api_gateway_api.api_chatbot"
          ]
        }
      ]
    },
    {
      "module": "module.gcloudfunc-chatbot-map",
      "mode": "data",
      "type": "archive_file",
      "name": "chatbot-zip",
      "provider": "provider[\"registry.terraform.io/hashicorp/archive\"]",
      "instances": [
        {
          "schema_version": 0,
          "attributes": {
            "exclude_symlink_directories": null,
            "excludes": null,
            "id": "da9ede36ca2ba2456b44e8d5511fc156e578d12e",
            "output_base64sha256": "mlD/LmwNGHd1rsXg2gE73068AI9hbRK9Bd7moCBzwhA=",
            "output_base64sha512": "pEGPxZXiP3LeVZhg/S4+2hmGHn0n0kIl/x5i0xiEGUg6wV4o1JrVG/wqbhO5lSq0eknyjhlMAD7lheJ/yC9Asw==",
            "output_file_mode": null,
            "output_md5": "b3001fac64d45e63e773555c54cc332c",
            "output_path": "../api/gfunc/chatbot-map.zip",
            "output_sha": "da9ede36ca2ba2456b44e8d5511fc156e578d12e",
            "output_sha256": "9a50ff2e6c0d187775aec5e0da013bdf4ebc008f616d12bd05dee6a02073c210",
            "output_sha512": "a4418fc595e23f72de559860fd2e3eda19861e7d27d24225ff1e62d3188419483ac15e28d49ad51bfc2a6e13b9952ab47a49f28e194c003ee585e27fc82f40b3",
            "output_size": 3337,
            "source": [],
            "source_content": null,
            "source_content_filename": null,
            "source_dir": "../api/gfunc/chatbot-map",
            "source_file": null,
            "type": "zip"
          },
          "sensitive_attributes": []
        }
      ]
    },
    {
      "module": "module.gcloudfunc-chatbot-map",
      "mode": "managed",
      "type": "google_cloudfunctions2_function",
      "name": "gcloudfunc-chatbot",
      "provider": "provider[\"registry.terraform.io/hashicorp/google\"]",
      "instances": [
        {
          "schema_version": 0,
          "attributes": {
            "build_config": [
              {
                "build": "projects/568267399820/locations/asia-east1/builds/dfdd0a7f-7c7d-4cbc-8f23-73d5cccb63a3",
                "docker_repository": "",
                "entry_point": "ask",
                "environment_variables": {},
                "runtime": "python311",
                "source": [
                  {
                    "repo_source": [],
                    "storage_source": [
                      {
                        "bucket": "fyp-open-data-hackathon-gcloudfunc-chatbot-map-bucket",
                        "generation": 1700127050396974,
                        "object": "gcloudfunc-chatbot-source-b3001fac64d45e63e773555c54cc332c.zip"
                      }
                    ]
                  }
                ],
                "worker_pool": ""
              }
            ],
            "description": "Google Cloud Function Chatbot for chatbot-map",
            "effective_labels": {},
            "environment": "GEN_2",
            "event_trigger": [],
            "id": "projects/fyp-open-data-hackathon/locations/asia-east1/functions/gcloudfunc-chatbot-map",
            "kms_key_name": "",
            "labels": {},
            "location": "asia-east1",
            "name": "gcloudfunc-chatbot-map",
            "project": "fyp-open-data-hackathon",
            "service_config": [
              {
                "all_traffic_on_latest_revision": true,
                "available_cpu": "1",
                "available_memory": "1Gi",
                "environment_variables": {},
                "gcf_uri": "",
                "ingress_settings": "ALLOW_ALL",
                "max_instance_count": 5,
                "max_instance_request_concurrency": 80,
                "min_instance_count": 1,
                "secret_environment_variables": [],
                "secret_volumes": [],
                "service": "projects/fyp-open-data-hackathon/locations/asia-east1/services/gcloudfunc-chatbot-map",
                "service_account_email": "chatbot-map-sa@fyp-open-data-hackathon.iam.gserviceaccount.com",
                "timeout_seconds": 60,
                "uri": "https://gcloudfunc-chatbot-map-qskzidtbhq-de.a.run.app",
                "vpc_connector": "",
                "vpc_connector_egress_settings": ""
              }
            ],
            "state": "ACTIVE",
            "terraform_labels": {},
            "timeouts": null,
            "update_time": "2023-11-16T09:31:58.497785037Z",
            "url": "https://asia-east1-fyp-open-data-hackathon.cloudfunctions.net/gcloudfunc-chatbot-map"
          },
          "sensitive_attributes": [],
          "private": "eyJlMmJmYjczMC1lY2FhLTExZTYtOGY4OC0zNDM2M2JjN2M0YzAiOnsiY3JlYXRlIjozNjAwMDAwMDAwMDAwLCJkZWxldGUiOjM2MDAwMDAwMDAwMDAsInVwZGF0ZSI6MzYwMDAwMDAwMDAwMH19",
          "dependencies": [
            "module.gcloudfunc-chatbot-map.data.archive_file.chatbot-zip",
            "module.gcloudfunc-chatbot-map.google_service_account.gcloudfunc-chatbot-account",
            "module.gcloudfunc-chatbot-map.google_storage_bucket.gcloudfunc-chatbot-bucket",
            "module.gcloudfunc-chatbot-map.google_storage_bucket_object.gcloudfunc-chatbot-source"
          ]
        }
      ]
    },
    {
      "module": "module.gcloudfunc-chatbot-map",
      "mode": "managed",
      "type": "google_service_account",
      "name": "gcloudfunc-chatbot-account",
      "provider": "provider[\"registry.terraform.io/hashicorp/google\"]",
      "instances": [
        {
          "schema_version": 0,
          "attributes": {
            "account_id": "chatbot-map-sa",
            "description": "",
            "disabled": false,
            "display_name": "ChatBot Service Account for chatbot-map",
            "email": "chatbot-map-sa@fyp-open-data-hackathon.iam.gserviceaccount.com",
            "id": "projects/fyp-open-data-hackathon/serviceAccounts/chatbot-map-sa@fyp-open-data-hackathon.iam.gserviceaccount.com",
            "member": "serviceAccount:chatbot-map-sa@fyp-open-data-hackathon.iam.gserviceaccount.com",
            "name": "projects/fyp-open-data-hackathon/serviceAccounts/chatbot-map-sa@fyp-open-data-hackathon.iam.gserviceaccount.com",
            "project": "fyp-open-data-hackathon",
            "timeouts": null,
            "unique_id": "106936958952716385806"
          },
          "sensitive_attributes": [],
          "private": "eyJlMmJmYjczMC1lY2FhLTExZTYtOGY4OC0zNDM2M2JjN2M0YzAiOnsiY3JlYXRlIjozMDAwMDAwMDAwMDB9fQ=="
        }
      ]
    },
    {
      "module": "module.gcloudfunc-chatbot-map",
      "mode": "managed",
      "type": "google_storage_bucket",
      "name": "gcloudfunc-chatbot-bucket",
      "provider": "provider[\"registry.terraform.io/hashicorp/google\"]",
      "instances": [
        {
          "schema_version": 1,
          "attributes": {
            "autoclass": [],
            "cors": [],
            "custom_placement_config": [],
            "default_event_based_hold": false,
            "effective_labels": {},
            "encryption": [],
            "force_destroy": false,
            "id": "fyp-open-data-hackathon-gcloudfunc-chatbot-map-bucket",
            "labels": {},
            "lifecycle_rule": [],
            "location": "ASIA-EAST1",
            "logging": [],
            "name": "fyp-open-data-hackathon-gcloudfunc-chatbot-map-bucket",
            "project": "fyp-open-data-hackathon",
            "public_access_prevention": "inherited",
            "requester_pays": false,
            "retention_policy": [],
            "self_link": "https://www.googleapis.com/storage/v1/b/fyp-open-data-hackathon-gcloudfunc-chatbot-map-bucket",
            "storage_class": "STANDARD",
            "terraform_labels": {},
            "timeouts": null,
            "uniform_bucket_level_access": true,
            "url": "gs://fyp-open-data-hackathon-gcloudfunc-chatbot-map-bucket",
            "versioning": [],
            "website": []
          },
          "sensitive_attributes": [],
          "private": "eyJlMmJmYjczMC1lY2FhLTExZTYtOGY4OC0zNDM2M2JjN2M0YzAiOnsiY3JlYXRlIjo2MDAwMDAwMDAwMDAsInJlYWQiOjI0MDAwMDAwMDAwMCwidXBkYXRlIjoyNDAwMDAwMDAwMDB9LCJzY2hlbWFfdmVyc2lvbiI6IjEifQ=="
        }
      ]
    },
    {
      "module": "module.gcloudfunc-chatbot-map",
      "mode": "managed",
      "type": "google_storage_bucket_object",
      "name": "gcloudfunc-chatbot-source",
      "provider": "provider[\"registry.terraform.io/hashicorp/google\"]",
      "instances": [
        {
          "schema_version": 0,
          "attributes": {
            "bucket": "fyp-open-data-hackathon-gcloudfunc-chatbot-map-bucket",
            "cache_control": "",
            "content": null,
            "content_disposition": "",
            "content_encoding": "",
            "content_language": "",
            "content_type": "application/zip",
            "crc32c": "0TI3rA==",
            "customer_encryption": [],
            "detect_md5hash": "swAfrGTUXmPnc1VcVMwzLA==",
            "event_based_hold": false,
            "id": "fyp-open-data-hackathon-gcloudfunc-chatbot-map-bucket-gcloudfunc-chatbot-source-b3001fac64d45e63e773555c54cc332c.zip",
            "kms_key_name": "",
            "md5hash": "swAfrGTUXmPnc1VcVMwzLA==",
            "media_link": "https://storage.googleapis.com/download/storage/v1/b/fyp-open-data-hackathon-gcloudfunc-chatbot-map-bucket/o/gcloudfunc-chatbot-source-b3001fac64d45e63e773555c54cc332c.zip?generation=1700126073596548\u0026alt=media",
            "metadata": {},
            "name": "gcloudfunc-chatbot-source-b3001fac64d45e63e773555c54cc332c.zip",
            "output_name": "gcloudfunc-chatbot-source-b3001fac64d45e63e773555c54cc332c.zip",
            "self_link": "https://www.googleapis.com/storage/v1/b/fyp-open-data-hackathon-gcloudfunc-chatbot-map-bucket/o/gcloudfunc-chatbot-source-b3001fac64d45e63e773555c54cc332c.zip",
            "source": "../api/gfunc/chatbot-map.zip",
            "storage_class": "STANDARD",
            "temporary_hold": false,
            "timeouts": null
          },
          "sensitive_attributes": [],
          "private": "eyJlMmJmYjczMC1lY2FhLTExZTYtOGY4OC0zNDM2M2JjN2M0YzAiOnsiY3JlYXRlIjoyNDAwMDAwMDAwMDAsImRlbGV0ZSI6MjQwMDAwMDAwMDAwLCJ1cGRhdGUiOjI0MDAwMDAwMDAwMH19",
          "dependencies": [
            "module.gcloudfunc-chatbot-map.data.archive_file.chatbot-zip",
            "module.gcloudfunc-chatbot-map.google_storage_bucket.gcloudfunc-chatbot-bucket"
          ]
        }
      ]
    },
    {
      "module": "module.gcloudfunc-chatbot-test",
      "mode": "data",
      "type": "archive_file",
      "name": "chatbot-zip",
      "provider": "provider[\"registry.terraform.io/hashicorp/archive\"]",
      "instances": [
        {
          "schema_version": 0,
          "attributes": {
            "exclude_symlink_directories": null,
            "excludes": null,
            "id": "a8052631a6f487c05073efbabb472431130acaf8",
            "output_base64sha256": "3pI6gh82tzS+xAUpkSexcyV8zPKAWYmRRFRkX/J0bj4=",
            "output_base64sha512": "H28xiyzDxyn8mrz1b95FsG5dSuW15KsBsKAs0AOVJAgCKpRbH9MeW6g4z444XLmxet/XtLrsw58gdoZmcpXi8w==",
            "output_file_mode": null,
            "output_md5": "f89f1411ee8003dc5f8f83cde5f136e8",
            "output_path": "../api/gfunc/chatbot.zip",
            "output_sha": "a8052631a6f487c05073efbabb472431130acaf8",
            "output_sha256": "de923a821f36b734bec405299127b173257cccf2805989914454645ff2746e3e",
            "output_sha512": "1f6f318b2cc3c729fc9abcf56fde45b06e5d4ae5b5e4ab01b0a02cd003952408022a945b1fd31e5ba838cf8e385cb9b17adfd7b4baecc39f207686667295e2f3",
            "output_size": 878,
            "source": [],
            "source_content": null,
            "source_content_filename": null,
            "source_dir": "../api/gfunc/chatbot",
            "source_file": null,
            "type": "zip"
          },
          "sensitive_attributes": []
        }
      ]
    },
    {
      "module": "module.gcloudfunc-chatbot-test",
      "mode": "managed",
      "type": "google_cloudfunctions2_function",
      "name": "gcloudfunc-chatbot",
      "provider": "provider[\"registry.terraform.io/hashicorp/google\"]",
      "instances": [
        {
          "schema_version": 0,
          "attributes": {
            "build_config": [
              {
                "build": "projects/568267399820/locations/asia-east1/builds/5c5a38a4-53b9-4043-a55a-636c756070c9",
                "docker_repository": "",
                "entry_point": "ask",
                "environment_variables": {},
                "runtime": "python311",
                "source": [
                  {
                    "repo_source": [],
                    "storage_source": [
                      {
                        "bucket": "fyp-open-data-hackathon-gcloudfunc-chatbot-bucket",
                        "generation": 1700127050380621,
                        "object": "gcloudfunc-chatbot-source-f89f1411ee8003dc5f8f83cde5f136e8.zip"
                      }
                    ]
                  }
                ],
                "worker_pool": ""
              }
            ],
            "description": "Google Cloud Function Chatbot for chatbot",
            "effective_labels": {},
            "environment": "GEN_2",
            "event_trigger": [],
            "id": "projects/fyp-open-data-hackathon/locations/asia-east1/functions/gcloudfunc-chatbot",
            "kms_key_name": "",
            "labels": {},
            "location": "asia-east1",
            "name": "gcloudfunc-chatbot",
            "project": "fyp-open-data-hackathon",
            "service_config": [
              {
                "all_traffic_on_latest_revision": true,
                "available_cpu": "1",
                "available_memory": "1Gi",
                "environment_variables": {},
                "gcf_uri": "",
                "ingress_settings": "ALLOW_ALL",
                "max_instance_count": 5,
                "max_instance_request_concurrency": 80,
                "min_instance_count": 1,
                "secret_environment_variables": [],
                "secret_volumes": [],
                "service": "projects/fyp-open-data-hackathon/locations/asia-east1/services/gcloudfunc-chatbot",
                "service_account_email": "chatbot-sa@fyp-open-data-hackathon.iam.gserviceaccount.com",
                "timeout_seconds": 60,
                "uri": "https://gcloudfunc-chatbot-qskzidtbhq-de.a.run.app",
                "vpc_connector": "",
                "vpc_connector_egress_settings": ""
              }
            ],
            "state": "ACTIVE",
            "terraform_labels": {},
            "timeouts": null,
            "update_time": "2023-11-16T09:31:20.924067287Z",
            "url": "https://asia-east1-fyp-open-data-hackathon.cloudfunctions.net/gcloudfunc-chatbot"
          },
          "sensitive_attributes": [],
          "private": "eyJlMmJmYjczMC1lY2FhLTExZTYtOGY4OC0zNDM2M2JjN2M0YzAiOnsiY3JlYXRlIjozNjAwMDAwMDAwMDAwLCJkZWxldGUiOjM2MDAwMDAwMDAwMDAsInVwZGF0ZSI6MzYwMDAwMDAwMDAwMH19",
          "dependencies": [
            "module.gcloudfunc-chatbot-test.data.archive_file.chatbot-zip",
            "module.gcloudfunc-chatbot-test.google_service_account.gcloudfunc-chatbot-account",
            "module.gcloudfunc-chatbot-test.google_storage_bucket.gcloudfunc-chatbot-bucket",
            "module.gcloudfunc-chatbot-test.google_storage_bucket_object.gcloudfunc-chatbot-source"
          ]
        }
      ]
    },
    {
      "module": "module.gcloudfunc-chatbot-test",
      "mode": "managed",
      "type": "google_service_account",
      "name": "gcloudfunc-chatbot-account",
      "provider": "provider[\"registry.terraform.io/hashicorp/google\"]",
      "instances": [
        {
          "schema_version": 0,
          "attributes": {
            "account_id": "chatbot-sa",
            "description": "",
            "disabled": false,
            "display_name": "ChatBot Service Account for chatbot",
            "email": "chatbot-sa@fyp-open-data-hackathon.iam.gserviceaccount.com",
            "id": "projects/fyp-open-data-hackathon/serviceAccounts/chatbot-sa@fyp-open-data-hackathon.iam.gserviceaccount.com",
            "member": "serviceAccount:chatbot-sa@fyp-open-data-hackathon.iam.gserviceaccount.com",
            "name": "projects/fyp-open-data-hackathon/serviceAccounts/chatbot-sa@fyp-open-data-hackathon.iam.gserviceaccount.com",
            "project": "fyp-open-data-hackathon",
            "timeouts": null,
            "unique_id": "101094817703677356526"
          },
          "sensitive_attributes": [],
          "private": "eyJlMmJmYjczMC1lY2FhLTExZTYtOGY4OC0zNDM2M2JjN2M0YzAiOnsiY3JlYXRlIjozMDAwMDAwMDAwMDB9fQ=="
        }
      ]
    },
    {
      "module": "module.gcloudfunc-chatbot-test",
      "mode": "managed",
      "type": "google_storage_bucket",
      "name": "gcloudfunc-chatbot-bucket",
      "provider": "provider[\"registry.terraform.io/hashicorp/google\"]",
      "instances": [
        {
          "schema_version": 1,
          "attributes": {
            "autoclass": [],
            "cors": [],
            "custom_placement_config": [],
            "default_event_based_hold": false,
            "effective_labels": {},
            "encryption": [],
            "force_destroy": false,
            "id": "fyp-open-data-hackathon-gcloudfunc-chatbot-bucket",
            "labels": {},
            "lifecycle_rule": [],
            "location": "ASIA-EAST1",
            "logging": [],
            "name": "fyp-open-data-hackathon-gcloudfunc-chatbot-bucket",
            "project": "fyp-open-data-hackathon",
            "public_access_prevention": "inherited",
            "requester_pays": false,
            "retention_policy": [],
            "self_link": "https://www.googleapis.com/storage/v1/b/fyp-open-data-hackathon-gcloudfunc-chatbot-bucket",
            "storage_class": "STANDARD",
            "terraform_labels": {},
            "timeouts": null,
            "uniform_bucket_level_access": true,
            "url": "gs://fyp-open-data-hackathon-gcloudfunc-chatbot-bucket",
            "versioning": [],
            "website": []
          },
          "sensitive_attributes": [],
          "private": "eyJlMmJmYjczMC1lY2FhLTExZTYtOGY4OC0zNDM2M2JjN2M0YzAiOnsiY3JlYXRlIjo2MDAwMDAwMDAwMDAsInJlYWQiOjI0MDAwMDAwMDAwMCwidXBkYXRlIjoyNDAwMDAwMDAwMDB9LCJzY2hlbWFfdmVyc2lvbiI6IjEifQ=="
        }
      ]
    },
    {
      "module": "module.gcloudfunc-chatbot-test",
      "mode": "managed",
      "type": "google_storage_bucket_object",
      "name": "gcloudfunc-chatbot-source",
      "provider": "provider[\"registry.terraform.io/hashicorp/google\"]",
      "instances": [
        {
          "schema_version": 0,
          "attributes": {
            "bucket": "fyp-open-data-hackathon-gcloudfunc-chatbot-bucket",
            "cache_control": "",
            "content": null,
            "content_disposition": "",
            "content_encoding": "",
            "content_language": "",
            "content_type": "application/zip",
            "crc32c": "ykdQ2A==",
            "customer_encryption": [],
            "detect_md5hash": "+J8UEe6AA9xfj4PN5fE26A==",
            "event_based_hold": false,
            "id": "fyp-open-data-hackathon-gcloudfunc-chatbot-bucket-gcloudfunc-chatbot-source-f89f1411ee8003dc5f8f83cde5f136e8.zip",
            "kms_key_name": "",
            "md5hash": "+J8UEe6AA9xfj4PN5fE26A==",
            "media_link": "https://storage.googleapis.com/download/storage/v1/b/fyp-open-data-hackathon-gcloudfunc-chatbot-bucket/o/gcloudfunc-chatbot-source-f89f1411ee8003dc5f8f83cde5f136e8.zip?generation=1700121943913454\u0026alt=media",
            "metadata": {},
            "name": "gcloudfunc-chatbot-source-f89f1411ee8003dc5f8f83cde5f136e8.zip",
            "output_name": "gcloudfunc-chatbot-source-f89f1411ee8003dc5f8f83cde5f136e8.zip",
            "self_link": "https://www.googleapis.com/storage/v1/b/fyp-open-data-hackathon-gcloudfunc-chatbot-bucket/o/gcloudfunc-chatbot-source-f89f1411ee8003dc5f8f83cde5f136e8.zip",
            "source": "../api/gfunc/chatbot.zip",
            "storage_class": "STANDARD",
            "temporary_hold": false,
            "timeouts": null
          },
          "sensitive_attributes": [],
          "private": "eyJlMmJmYjczMC1lY2FhLTExZTYtOGY4OC0zNDM2M2JjN2M0YzAiOnsiY3JlYXRlIjoyNDAwMDAwMDAwMDAsImRlbGV0ZSI6MjQwMDAwMDAwMDAwLCJ1cGRhdGUiOjI0MDAwMDAwMDAwMH19",
          "dependencies": [
            "module.gcloudfunc-chatbot-test.data.archive_file.chatbot-zip",
            "module.gcloudfunc-chatbot-test.google_storage_bucket.gcloudfunc-chatbot-bucket"
          ]
        }
      ]
    }
  ],
  "check_results": null
}
