{
  "version": 4,
  "terraform_version": "1.6.2",
  "serial": 248,
  "lineage": "574224c2-1656-616d-94d1-53a8d7c6e984",
  "outputs": {
    "gateway_uri": {
      "value": "api-gw-chatbot",
      "type": "string"
    },
    "gcloudfunc-chatbot-uri": {
      "value": "https://gcloudfunc-chatbot-qskzidtbhq-de.a.run.app",
      "type": "string"
    }
  },
  "resources": [
    {
      "mode": "data",
      "type": "archive_file",
      "name": "chatbot-zip",
      "provider": "provider[\"registry.terraform.io/hashicorp/archive\"]",
      "instances": [
        {
          "schema_version": 0,
          "attributes": {
            "exclude_symlink_directories": null,
            "excludes": null,
            "id": "5c1fac7ac92ca69703536220e8eae3f89c2bc810",
            "output_base64sha256": "XmKwKGWi9l1TMXOXWxfkugb+thxMce0FYcvnOI8aNic=",
            "output_base64sha512": "S6oCio3pg9vj1bSoro2vibHlYdG6ufYLB2oks91NoAMaBSTXE2lGbBOaaBdUUpShnbHBXdnZ95oukav30vRQxw==",
            "output_file_mode": null,
            "output_md5": "88027538212081ac6d01e4df6279527d",
            "output_path": "../api/gfunc/chatbot.zip",
            "output_sha": "5c1fac7ac92ca69703536220e8eae3f89c2bc810",
            "output_sha256": "5e62b02865a2f65d533173975b17e4ba06feb61c4c71ed0561cbe7388f1a3627",
            "output_sha512": "4baa028a8de983dbe3d5b4a8ae8daf89b1e561d1bab9f60b076a24b3dd4da0031a0524d71369466c139a6817545294a19db1c15dd9d9f79a2e91abf7d2f450c7",
            "output_size": 811,
            "source": [],
            "source_content": null,
            "source_content_filename": null,
            "source_dir": "../api/gfunc/chatbot",
            "source_file": null,
            "type": "zip"
          },
          "sensitive_attributes": []
        }
      ]
    },
    {
      "mode": "data",
      "type": "google_iam_policy",
      "name": "noauth_backend",
      "provider": "provider[\"registry.terraform.io/hashicorp/google\"]",
      "instances": [
        {
          "schema_version": 0,
          "attributes": {
            "audit_config": null,
            "binding": [
              {
                "condition": [],
                "members": [
                  "allUsers"
                ],
                "role": "roles/run.invoker"
              }
            ],
            "id": "3450855414",
            "policy_data": "{\"bindings\":[{\"members\":[\"allUsers\"],\"role\":\"roles/run.invoker\"}]}"
          },
          "sensitive_attributes": []
        }
      ]
    },
    {
      "mode": "data",
      "type": "google_iam_policy",
      "name": "noauth_frontend",
      "provider": "provider[\"registry.terraform.io/hashicorp/google\"]",
      "instances": [
        {
          "schema_version": 0,
          "attributes": {
            "audit_config": null,
            "binding": [
              {
                "condition": [],
                "members": [
                  "allUsers"
                ],
                "role": "roles/run.invoker"
              }
            ],
            "id": "3450855414",
            "policy_data": "{\"bindings\":[{\"members\":[\"allUsers\"],\"role\":\"roles/run.invoker\"}]}"
          },
          "sensitive_attributes": []
        }
      ]
    },
    {
      "mode": "managed",
      "type": "google_api_gateway_api",
      "name": "api_chatbot",
      "provider": "provider[\"registry.terraform.io/hashicorp/google-beta\"]",
      "instances": [
        {
          "schema_version": 0,
          "attributes": {
            "api_id": "api-chatbot",
            "create_time": "2023-10-27T17:35:10.707344401Z",
            "display_name": "api-chatbot",
            "effective_labels": {},
            "id": "projects/fyp-open-data-hackathon/locations/global/apis/api-chatbot",
            "labels": {},
            "managed_service": "api-chatbot-36c075kbm0w3e.apigateway.fyp-open-data-hackathon.cloud.goog",
            "name": "projects/fyp-open-data-hackathon/locations/global/apis/api-chatbot",
            "project": "fyp-open-data-hackathon",
            "terraform_labels": {},
            "timeouts": null
          },
          "sensitive_attributes": [],
          "private": "eyJlMmJmYjczMC1lY2FhLTExZTYtOGY4OC0zNDM2M2JjN2M0YzAiOnsiY3JlYXRlIjoxMjAwMDAwMDAwMDAwLCJkZWxldGUiOjEyMDAwMDAwMDAwMDAsInVwZGF0ZSI6MTIwMDAwMDAwMDAwMH19",
          "create_before_destroy": true
        }
      ]
    },
    {
      "mode": "managed",
      "type": "google_api_gateway_api_config",
      "name": "api_config_chatbot",
      "provider": "provider[\"registry.terraform.io/hashicorp/google-beta\"]",
      "instances": [
        {
          "schema_version": 0,
          "attributes": {
            "api": "api-chatbot",
            "api_config_id": "api-config-chatbotv4",
            "api_config_id_prefix": null,
            "display_name": "api-config-chatbotv4",
            "effective_labels": {},
            "gateway_config": [],
            "grpc_services": [],
            "id": "projects/fyp-open-data-hackathon/locations/global/apis/api-chatbot/configs/api-config-chatbotv4",
            "labels": null,
            "managed_service_configs": [],
            "name": "projects/568267399820/locations/global/apis/api-chatbot/configs/api-config-chatbotv4",
            "openapi_documents": [
              {
                "document": [
                  {
                    "contents": "c3dhZ2dlcjogIjIuMCIKaW5mbzoKICB0aXRsZTogQVBJIENoYXRCb3QKICBkZXNjcmlwdGlvbjogIkFzayBDaGF0Qm90LiIKICB2ZXJzaW9uOiAiMTAuMC4wIgoKc2NoZW1lczoKICAtICJodHRwcyIKCgpzZWN1cml0eToKICAtIGFwaV9rZXk6IFtdCnNlY3VyaXR5RGVmaW5pdGlvbnM6CgogICBhcGlfa2V5OgogICAgIG5hbWU6IGFwaV9rZXkKICAgICB0eXBlOiBhcGlLZXkKICAgICBpbjogcXVlcnkKCnBhdGhzOgogICIvYXNrIjoKICAgIHBvc3Q6CiAgICAgIAogICAgICB4LWdvb2dsZS1iYWNrZW5kOgogICAgICAgIGFkZHJlc3M6IGh0dHBzOi8vYXNpYS1lYXN0MS1meXAtb3Blbi1kYXRhLWhhY2thdGhvbi5jbG91ZGZ1bmN0aW9ucy5uZXQvZ2Nsb3VkZnVuYy1jaGF0Ym90CiAgICAgIGRlc2NyaXB0aW9uOiAiR2V0IGFuc3dlciBieSBhc2tpbmcgQ2hhdEJvdC4iCiAgICAgIG9wZXJhdGlvbklkOiAiYXNrIgogICAgICBwYXJhbWV0ZXJzOgogICAgICAgIC0gbmFtZTogYm9keQogICAgICAgICAgaW46IGJvZHkKICAgICAgICAgIHJlcXVpcmVkOiB0cnVlCiAgICAgICAgICBzY2hlbWE6CiAgICAgICAgICAgIHR5cGU6IG9iamVjdAogICAgICAgICAgICBwcm9wZXJ0aWVzOgogICAgICAgICAgICAgIHVzZXJfaWQ6CiAgICAgICAgICAgICAgICB0eXBlOiBzdHJpbmcKICAgICAgICAgICAgICBkYXRhOgogICAgICAgICAgICAgICAgdHlwZTogb2JqZWN0CiAgICAgICAgICAgICAgICBwcm9wZXJ0aWVzOgogICAgICAgICAgICAgICAgICBjaGF0OgogICAgICAgICAgICAgICAgICAgIHR5cGU6IHN0cmluZwogICAgICAgICAgICAgICAgICBraW5kOgogICAgICAgICAgICAgICAgICAgIHR5cGU6IHN0cmluZwogICAgICAgICAgICAgICAgICBjb29yZGluYXRlczoKICAgICAgICAgICAgICAgICAgICB0eXBlOiBhcnJheQogICAgICAgICAgICAgICAgICAgIGl0ZW1zOgogICAgICAgICAgICAgICAgICAgICAgdHlwZTogbnVtYmVyCgogICAgICByZXNwb25zZXM6CiAgICAgICAgJzIwMCc6CiAgICAgICAgICBkZXNjcmlwdGlvbjogT0sKICAgICAgICAnNDAwJzoKICAgICAgICAgIGRlc2NyaXB0aW9uOiBCYWQgUmVxdWVzdAogICAgICAgICc1MDAnOgogICAgICAgICAgZGVzY3JpcHRpb246IEludGVybmFsIFNlcnZlciBFcnJvcgo=",
                    "path": "spec.yaml"
                  }
                ]
              }
            ],
            "project": "fyp-open-data-hackathon",
            "service_config_id": "api-config-chatbotv4-349un0r5x8l1c",
            "terraform_labels": {},
            "timeouts": null
          },
          "sensitive_attributes": [],
          "private": "eyJlMmJmYjczMC1lY2FhLTExZTYtOGY4OC0zNDM2M2JjN2M0YzAiOnsiY3JlYXRlIjoxMjAwMDAwMDAwMDAwLCJkZWxldGUiOjEyMDAwMDAwMDAwMDAsInVwZGF0ZSI6MTIwMDAwMDAwMDAwMH19",
          "dependencies": [
            "google_api_gateway_api.api_chatbot"
          ],
          "create_before_destroy": true
        }
      ]
    },
    {
      "mode": "managed",
      "type": "google_api_gateway_gateway",
      "name": "api_gw_chatbot",
      "provider": "provider[\"registry.terraform.io/hashicorp/google-beta\"]",
      "instances": [
        {
          "schema_version": 0,
          "attributes": {
            "api_config": "projects/568267399820/locations/global/apis/api-chatbot/configs/api-config-chatbotv4",
            "default_hostname": "api-gw-chatbot-7923qjyk.an.gateway.dev",
            "display_name": "api-gw-chatbot",
            "effective_labels": {},
            "gateway_id": "api-gw-chatbot",
            "id": "projects/fyp-open-data-hackathon/locations/asia-northeast1/gateways/api-gw-chatbot",
            "labels": {},
            "name": "projects/fyp-open-data-hackathon/locations/asia-northeast1/gateways/api-gw-chatbot",
            "project": "fyp-open-data-hackathon",
            "region": "asia-northeast1",
            "terraform_labels": {},
            "timeouts": null
          },
          "sensitive_attributes": [],
          "private": "eyJlMmJmYjczMC1lY2FhLTExZTYtOGY4OC0zNDM2M2JjN2M0YzAiOnsiY3JlYXRlIjoxMjAwMDAwMDAwMDAwLCJkZWxldGUiOjEyMDAwMDAwMDAwMDAsInVwZGF0ZSI6MTIwMDAwMDAwMDAwMH19",
          "dependencies": [
            "google_api_gateway_api.api_chatbot",
            "google_api_gateway_api_config.api_config_chatbot"
          ]
        }
      ]
    },
    {
      "mode": "managed",
      "type": "google_apikeys_key",
      "name": "api_key_chatbot",
      "provider": "provider[\"registry.terraform.io/hashicorp/google\"]",
      "instances": [
        {
          "schema_version": 0,
          "attributes": {
            "display_name": "api-key-chatbot",
            "id": "projects/fyp-open-data-hackathon/locations/global/keys/api-key-chatbotv3",
            "key_string": "AIzaSyDaxF5on_M6SClhdMRn64TQsrvHUC3RfAc",
            "name": "api-key-chatbotv3",
            "project": "fyp-open-data-hackathon",
            "restrictions": [
              {
                "android_key_restrictions": [],
                "api_targets": [
                  {
                    "methods": [],
                    "service": "api-chatbot-36c075kbm0w3e.apigateway.fyp-open-data-hackathon.cloud.goog"
                  }
                ],
                "browser_key_restrictions": [],
                "ios_key_restrictions": [],
                "server_key_restrictions": []
              }
            ],
            "timeouts": null,
            "uid": "a1a6a3bc-cfe6-4baf-b335-50292b83463c"
          },
          "sensitive_attributes": [],
          "private": "eyJlMmJmYjczMC1lY2FhLTExZTYtOGY4OC0zNDM2M2JjN2M0YzAiOnsiY3JlYXRlIjoxMjAwMDAwMDAwMDAwLCJkZWxldGUiOjEyMDAwMDAwMDAwMDAsInVwZGF0ZSI6MTIwMDAwMDAwMDAwMH19",
          "dependencies": [
            "google_api_gateway_api.api_chatbot"
          ]
        }
      ]
    },
    {
      "mode": "managed",
      "type": "google_artifact_registry_repository",
      "name": "artifact-registry-cloudrun",
      "provider": "provider[\"registry.terraform.io/hashicorp/google\"]",
      "instances": [
        {
          "schema_version": 0,
          "attributes": {
            "create_time": "2023-10-27T17:35:10.634609Z",
            "description": "",
            "docker_config": [],
            "effective_labels": {},
            "format": "DOCKER",
            "id": "projects/fyp-open-data-hackathon/locations/asia-east1/repositories/cloudrun",
            "kms_key_name": "",
            "labels": {},
            "location": "asia-east1",
            "maven_config": [],
            "mode": "STANDARD_REPOSITORY",
            "name": "cloudrun",
            "project": "fyp-open-data-hackathon",
            "remote_repository_config": [],
            "repository_id": "cloudrun",
            "terraform_labels": {},
            "timeouts": null,
            "update_time": "2023-10-27T17:35:10.634609Z",
            "virtual_repository_config": []
          },
          "sensitive_attributes": [],
          "private": "eyJlMmJmYjczMC1lY2FhLTExZTYtOGY4OC0zNDM2M2JjN2M0YzAiOnsiY3JlYXRlIjoxMjAwMDAwMDAwMDAwLCJkZWxldGUiOjEyMDAwMDAwMDAwMDAsInVwZGF0ZSI6MTIwMDAwMDAwMDAwMH19"
        }
      ]
    },
    {
      "mode": "managed",
      "type": "google_cloud_run_service",
      "name": "cloudrun_backend",
      "provider": "provider[\"registry.terraform.io/hashicorp/google\"]",
      "instances": [
        {
          "schema_version": 2,
          "attributes": {
            "autogenerate_revision_name": false,
            "id": "locations/asia-east1/namespaces/fyp-open-data-hackathon/services/cloudrun-backend",
            "location": "asia-east1",
            "metadata": [
              {
                "annotations": {},
                "effective_annotations": {
                  "run.googleapis.com/ingress": "all",
                  "run.googleapis.com/ingress-status": "all",
                  "run.googleapis.com/operation-id": "f7f4aacb-d593-4f1e-8896-a7dc680e7f5b",
                  "serving.knative.dev/creator": "tf-editor@fyp-open-data-hackathon.iam.gserviceaccount.com",
                  "serving.knative.dev/lastModifier": "tf-editor@fyp-open-data-hackathon.iam.gserviceaccount.com"
                },
                "effective_labels": {
                  "cloud.googleapis.com/location": "asia-east1"
                },
                "generation": 1,
                "labels": {},
                "namespace": "fyp-open-data-hackathon",
                "resource_version": "AAYIthzQdaQ",
                "self_link": "/apis/serving.knative.dev/v1/namespaces/568267399820/services/cloudrun-backend",
                "terraform_labels": {},
                "uid": "fe5245bb-ffd6-4a2e-addd-a125afae2767"
              }
            ],
            "name": "cloudrun-backend",
            "project": "fyp-open-data-hackathon",
            "status": [
              {
                "conditions": [
                  {
                    "message": "",
                    "reason": "",
                    "status": "True",
                    "type": "Ready"
                  },
                  {
                    "message": "",
                    "reason": "",
                    "status": "True",
                    "type": "ConfigurationsReady"
                  },
                  {
                    "message": "",
                    "reason": "",
                    "status": "True",
                    "type": "RoutesReady"
                  }
                ],
                "latest_created_revision_name": "cloudrun-backend-00001-tfx",
                "latest_ready_revision_name": "cloudrun-backend-00001-tfx",
                "observed_generation": 1,
                "traffic": [
                  {
                    "latest_revision": true,
                    "percent": 100,
                    "revision_name": "cloudrun-backend-00001-tfx",
                    "tag": "",
                    "url": ""
                  }
                ],
                "url": "https://cloudrun-backend-qskzidtbhq-de.a.run.app"
              }
            ],
            "template": [
              {
                "metadata": [
                  {
                    "annotations": {
                      "autoscaling.knative.dev/maxScale": "1"
                    },
                    "generation": 0,
                    "labels": {
                      "run.googleapis.com/startupProbeType": "Default"
                    },
                    "name": "",
                    "namespace": "",
                    "resource_version": "",
                    "self_link": "",
                    "uid": ""
                  }
                ],
                "spec": [
                  {
                    "container_concurrency": 80,
                    "containers": [
                      {
                        "args": [],
                        "command": [],
                        "env": [],
                        "env_from": [],
                        "image": "asia-east1-docker.pkg.dev/fyp-open-data-hackathon/backend/backend:latest",
                        "liveness_probe": [],
                        "name": "",
                        "ports": [
                          {
                            "container_port": 8080,
                            "name": "http1",
                            "protocol": ""
                          }
                        ],
                        "resources": [
                          {
                            "limits": {
                              "cpu": "1000m",
                              "memory": "512Mi"
                            },
                            "requests": {}
                          }
                        ],
                        "startup_probe": [
                          {
                            "failure_threshold": 1,
                            "grpc": [],
                            "http_get": [],
                            "initial_delay_seconds": 0,
                            "period_seconds": 240,
                            "tcp_socket": [
                              {
                                "port": 8080
                              }
                            ],
                            "timeout_seconds": 240
                          }
                        ],
                        "volume_mounts": [],
                        "working_dir": ""
                      }
                    ],
                    "service_account_name": "568267399820-compute@developer.gserviceaccount.com",
                    "serving_state": "",
                    "timeout_seconds": 300,
                    "volumes": []
                  }
                ]
              }
            ],
            "timeouts": null,
            "traffic": [
              {
                "latest_revision": true,
                "percent": 100,
                "revision_name": "",
                "tag": "",
                "url": ""
              }
            ]
          },
          "sensitive_attributes": [],
          "private": "eyJlMmJmYjczMC1lY2FhLTExZTYtOGY4OC0zNDM2M2JjN2M0YzAiOnsiY3JlYXRlIjoxMjAwMDAwMDAwMDAwLCJkZWxldGUiOjEyMDAwMDAwMDAwMDAsInVwZGF0ZSI6MTIwMDAwMDAwMDAwMH0sInNjaGVtYV92ZXJzaW9uIjoiMiJ9"
        }
      ]
    },
    {
      "mode": "managed",
      "type": "google_cloud_run_service",
      "name": "cloudrun_frontend",
      "provider": "provider[\"registry.terraform.io/hashicorp/google\"]",
      "instances": [
        {
          "schema_version": 2,
          "attributes": {
            "autogenerate_revision_name": false,
            "id": "locations/asia-east1/namespaces/fyp-open-data-hackathon/services/cloudrun-frontend",
            "location": "asia-east1",
            "metadata": [
              {
                "annotations": {},
                "effective_annotations": {
                  "run.googleapis.com/ingress": "all",
                  "run.googleapis.com/ingress-status": "all",
                  "run.googleapis.com/operation-id": "71c1093c-f7aa-48a9-a175-7e89224f103e",
                  "serving.knative.dev/creator": "tf-editor@fyp-open-data-hackathon.iam.gserviceaccount.com",
                  "serving.knative.dev/lastModifier": "tf-editor@fyp-open-data-hackathon.iam.gserviceaccount.com"
                },
                "effective_labels": {
                  "cloud.googleapis.com/location": "asia-east1"
                },
                "generation": 1,
                "labels": {},
                "namespace": "fyp-open-data-hackathon",
                "resource_version": "AAYIthzdStY",
                "self_link": "/apis/serving.knative.dev/v1/namespaces/568267399820/services/cloudrun-frontend",
                "terraform_labels": {},
                "uid": "bb26867b-140d-47e0-83d2-e48a7f9ad4ee"
              }
            ],
            "name": "cloudrun-frontend",
            "project": "fyp-open-data-hackathon",
            "status": [
              {
                "conditions": [
                  {
                    "message": "",
                    "reason": "",
                    "status": "True",
                    "type": "Ready"
                  },
                  {
                    "message": "",
                    "reason": "",
                    "status": "True",
                    "type": "ConfigurationsReady"
                  },
                  {
                    "message": "",
                    "reason": "",
                    "status": "True",
                    "type": "RoutesReady"
                  }
                ],
                "latest_created_revision_name": "cloudrun-frontend-00001-hns",
                "latest_ready_revision_name": "cloudrun-frontend-00001-hns",
                "observed_generation": 1,
                "traffic": [
                  {
                    "latest_revision": true,
                    "percent": 100,
                    "revision_name": "cloudrun-frontend-00001-hns",
                    "tag": "",
                    "url": ""
                  }
                ],
                "url": "https://cloudrun-frontend-qskzidtbhq-de.a.run.app"
              }
            ],
            "template": [
              {
                "metadata": [
                  {
                    "annotations": {
                      "autoscaling.knative.dev/maxScale": "1"
                    },
                    "generation": 0,
                    "labels": {
                      "run.googleapis.com/startupProbeType": "Default"
                    },
                    "name": "",
                    "namespace": "",
                    "resource_version": "",
                    "self_link": "",
                    "uid": ""
                  }
                ],
                "spec": [
                  {
                    "container_concurrency": 80,
                    "containers": [
                      {
                        "args": [],
                        "command": [],
                        "env": [],
                        "env_from": [],
                        "image": "asia-east1-docker.pkg.dev/fyp-open-data-hackathon/frontend/frontend:latest",
                        "liveness_probe": [],
                        "name": "",
                        "ports": [
                          {
                            "container_port": 8080,
                            "name": "http1",
                            "protocol": ""
                          }
                        ],
                        "resources": [
                          {
                            "limits": {
                              "cpu": "1000m",
                              "memory": "512Mi"
                            },
                            "requests": {}
                          }
                        ],
                        "startup_probe": [
                          {
                            "failure_threshold": 1,
                            "grpc": [],
                            "http_get": [],
                            "initial_delay_seconds": 0,
                            "period_seconds": 240,
                            "tcp_socket": [
                              {
                                "port": 8080
                              }
                            ],
                            "timeout_seconds": 240
                          }
                        ],
                        "volume_mounts": [],
                        "working_dir": ""
                      }
                    ],
                    "service_account_name": "568267399820-compute@developer.gserviceaccount.com",
                    "serving_state": "",
                    "timeout_seconds": 300,
                    "volumes": []
                  }
                ]
              }
            ],
            "timeouts": null,
            "traffic": [
              {
                "latest_revision": true,
                "percent": 100,
                "revision_name": "",
                "tag": "",
                "url": ""
              }
            ]
          },
          "sensitive_attributes": [],
          "private": "eyJlMmJmYjczMC1lY2FhLTExZTYtOGY4OC0zNDM2M2JjN2M0YzAiOnsiY3JlYXRlIjoxMjAwMDAwMDAwMDAwLCJkZWxldGUiOjEyMDAwMDAwMDAwMDAsInVwZGF0ZSI6MTIwMDAwMDAwMDAwMH0sInNjaGVtYV92ZXJzaW9uIjoiMiJ9"
        }
      ]
    },
    {
      "mode": "managed",
      "type": "google_cloud_run_service_iam_policy",
      "name": "noauth_backend",
      "provider": "provider[\"registry.terraform.io/hashicorp/google\"]",
      "instances": [
        {
          "schema_version": 0,
          "attributes": {
            "etag": "BwYIth0qGlM=",
            "id": "v1/projects/fyp-open-data-hackathon/locations/asia-east1/services/cloudrun-backend",
            "location": "asia-east1",
            "policy_data": "{\"bindings\":[{\"members\":[\"allUsers\"],\"role\":\"roles/run.invoker\"}]}",
            "project": "fyp-open-data-hackathon",
            "service": "v1/projects/fyp-open-data-hackathon/locations/asia-east1/services/cloudrun-backend"
          },
          "sensitive_attributes": [],
          "private": "bnVsbA==",
          "dependencies": [
            "data.google_iam_policy.noauth_backend",
            "google_cloud_run_service.cloudrun_backend"
          ]
        }
      ]
    },
    {
      "mode": "managed",
      "type": "google_cloud_run_service_iam_policy",
      "name": "noauth_frontend",
      "provider": "provider[\"registry.terraform.io/hashicorp/google\"]",
      "instances": [
        {
          "schema_version": 0,
          "attributes": {
            "etag": "BwYIth0uzdk=",
            "id": "v1/projects/fyp-open-data-hackathon/locations/asia-east1/services/cloudrun-frontend",
            "location": "asia-east1",
            "policy_data": "{\"bindings\":[{\"members\":[\"allUsers\"],\"role\":\"roles/run.invoker\"}]}",
            "project": "fyp-open-data-hackathon",
            "service": "v1/projects/fyp-open-data-hackathon/locations/asia-east1/services/cloudrun-frontend"
          },
          "sensitive_attributes": [],
          "private": "bnVsbA==",
          "dependencies": [
            "data.google_iam_policy.noauth_frontend",
            "google_cloud_run_service.cloudrun_frontend"
          ]
        }
      ]
    },
    {
      "mode": "managed",
      "type": "google_cloudfunctions2_function",
      "name": "gcloudfunc-chatbot",
      "provider": "provider[\"registry.terraform.io/hashicorp/google\"]",
      "instances": [
        {
          "schema_version": 0,
          "attributes": {
            "build_config": [
              {
                "build": "projects/568267399820/locations/asia-east1/builds/97ac1dee-a7c8-455b-b514-6ad73b79ab5c",
                "docker_repository": "",
                "entry_point": "ask",
                "environment_variables": {},
                "runtime": "python311",
                "source": [
                  {
                    "repo_source": [],
                    "storage_source": [
                      {
                        "bucket": "fyp-open-data-hackathon-gcloudfunc-chatbot-bucket",
                        "generation": 1698849641633573,
                        "object": "gcloudfunc-chatbot-source.zip"
                      }
                    ]
                  }
                ],
                "worker_pool": ""
              }
            ],
            "description": "Google Cloud Function Chatbot",
            "effective_labels": {},
            "environment": "GEN_2",
            "event_trigger": [],
            "id": "projects/fyp-open-data-hackathon/locations/asia-east1/functions/gcloudfunc-chatbot",
            "kms_key_name": "",
            "labels": {},
            "location": "asia-east1",
            "name": "gcloudfunc-chatbot",
            "project": "fyp-open-data-hackathon",
            "service_config": [
              {
                "all_traffic_on_latest_revision": true,
                "available_cpu": "0.1666",
                "available_memory": "256M",
                "environment_variables": {},
                "gcf_uri": "",
                "ingress_settings": "ALLOW_ALL",
                "max_instance_count": 1,
                "max_instance_request_concurrency": 1,
                "min_instance_count": 0,
                "secret_environment_variables": [],
                "secret_volumes": [],
                "service": "projects/fyp-open-data-hackathon/locations/asia-east1/services/gcloudfunc-chatbot",
                "service_account_email": "568267399820-compute@developer.gserviceaccount.com",
                "timeout_seconds": 60,
                "uri": "https://gcloudfunc-chatbot-qskzidtbhq-de.a.run.app",
                "vpc_connector": "",
                "vpc_connector_egress_settings": ""
              }
            ],
            "state": "ACTIVE",
            "terraform_labels": {},
            "timeouts": null,
            "update_time": "2023-11-01T14:41:15.223697819Z",
            "url": "https://asia-east1-fyp-open-data-hackathon.cloudfunctions.net/gcloudfunc-chatbot"
          },
          "sensitive_attributes": [],
          "private": "eyJlMmJmYjczMC1lY2FhLTExZTYtOGY4OC0zNDM2M2JjN2M0YzAiOnsiY3JlYXRlIjozNjAwMDAwMDAwMDAwLCJkZWxldGUiOjM2MDAwMDAwMDAwMDAsInVwZGF0ZSI6MzYwMDAwMDAwMDAwMH19",
          "dependencies": [
            "data.archive_file.chatbot-zip",
            "google_storage_bucket.gcloudfunc-chatbot-bucket",
            "google_storage_bucket_object.gcloudfunc-chatbot-source"
          ]
        }
      ]
    },
    {
      "mode": "managed",
      "type": "google_compute_network",
      "name": "vpc_network",
      "provider": "provider[\"registry.terraform.io/hashicorp/google\"]",
      "instances": [
        {
          "schema_version": 0,
          "attributes": {
            "auto_create_subnetworks": true,
            "delete_default_routes_on_create": false,
            "description": "",
            "enable_ula_internal_ipv6": false,
            "gateway_ipv4": "",
            "id": "projects/fyp-open-data-hackathon/global/networks/terraform-network",
            "internal_ipv6_range": "",
            "mtu": 0,
            "name": "terraform-network",
            "network_firewall_policy_enforcement_order": "AFTER_CLASSIC_FIREWALL",
            "project": "fyp-open-data-hackathon",
            "routing_mode": "REGIONAL",
            "self_link": "https://www.googleapis.com/compute/v1/projects/fyp-open-data-hackathon/global/networks/terraform-network",
            "timeouts": null
          },
          "sensitive_attributes": [],
          "private": "eyJlMmJmYjczMC1lY2FhLTExZTYtOGY4OC0zNDM2M2JjN2M0YzAiOnsiY3JlYXRlIjoxMjAwMDAwMDAwMDAwLCJkZWxldGUiOjEyMDAwMDAwMDAwMDAsInVwZGF0ZSI6MTIwMDAwMDAwMDAwMH19"
        }
      ]
    },
    {
      "mode": "managed",
      "type": "google_project_service",
      "name": "project",
      "provider": "provider[\"registry.terraform.io/hashicorp/google\"]",
      "instances": [
        {
          "schema_version": 0,
          "attributes": {
            "disable_dependent_services": null,
            "disable_on_destroy": true,
            "id": "fyp-open-data-hackathon/api-chatbot-36c075kbm0w3e.apigateway.fyp-open-data-hackathon.cloud.goog",
            "project": "fyp-open-data-hackathon",
            "service": "api-chatbot-36c075kbm0w3e.apigateway.fyp-open-data-hackathon.cloud.goog",
            "timeouts": null
          },
          "sensitive_attributes": [],
          "private": "eyJlMmJmYjczMC1lY2FhLTExZTYtOGY4OC0zNDM2M2JjN2M0YzAiOnsiY3JlYXRlIjoxMjAwMDAwMDAwMDAwLCJkZWxldGUiOjEyMDAwMDAwMDAwMDAsInJlYWQiOjYwMDAwMDAwMDAwMCwidXBkYXRlIjoxMjAwMDAwMDAwMDAwfX0=",
          "dependencies": [
            "google_api_gateway_api.api_chatbot"
          ]
        }
      ]
    },
    {
      "mode": "managed",
      "type": "google_storage_bucket",
      "name": "gcloudfunc-chatbot-bucket",
      "provider": "provider[\"registry.terraform.io/hashicorp/google\"]",
      "instances": [
        {
          "schema_version": 1,
          "attributes": {
            "autoclass": [],
            "cors": [],
            "custom_placement_config": [],
            "default_event_based_hold": false,
            "effective_labels": {},
            "encryption": [],
            "force_destroy": false,
            "id": "fyp-open-data-hackathon-gcloudfunc-chatbot-bucket",
            "labels": {},
            "lifecycle_rule": [],
            "location": "ASIA-EAST1",
            "logging": [],
            "name": "fyp-open-data-hackathon-gcloudfunc-chatbot-bucket",
            "project": "fyp-open-data-hackathon",
            "public_access_prevention": "inherited",
            "requester_pays": false,
            "retention_policy": [],
            "self_link": "https://www.googleapis.com/storage/v1/b/fyp-open-data-hackathon-gcloudfunc-chatbot-bucket",
            "storage_class": "STANDARD",
            "terraform_labels": {},
            "timeouts": null,
            "uniform_bucket_level_access": true,
            "url": "gs://fyp-open-data-hackathon-gcloudfunc-chatbot-bucket",
            "versioning": [],
            "website": []
          },
          "sensitive_attributes": [],
          "private": "eyJlMmJmYjczMC1lY2FhLTExZTYtOGY4OC0zNDM2M2JjN2M0YzAiOnsiY3JlYXRlIjo2MDAwMDAwMDAwMDAsInJlYWQiOjI0MDAwMDAwMDAwMCwidXBkYXRlIjoyNDAwMDAwMDAwMDB9LCJzY2hlbWFfdmVyc2lvbiI6IjEifQ=="
        }
      ]
    },
    {
      "mode": "managed",
      "type": "google_storage_bucket_object",
      "name": "gcloudfunc-chatbot-source",
      "provider": "provider[\"registry.terraform.io/hashicorp/google\"]",
      "instances": [
        {
          "schema_version": 0,
          "attributes": {
            "bucket": "fyp-open-data-hackathon-gcloudfunc-chatbot-bucket",
            "cache_control": "",
            "content": null,
            "content_disposition": "",
            "content_encoding": "",
            "content_language": "",
            "content_type": "application/zip",
            "crc32c": "afUdtw==",
            "customer_encryption": [],
            "detect_md5hash": "iAJ1OCEggaxtAeTfYnlSfQ==",
            "event_based_hold": false,
            "id": "fyp-open-data-hackathon-gcloudfunc-chatbot-bucket-gcloudfunc-chatbot-source.zip",
            "kms_key_name": "",
            "md5hash": "iAJ1OCEggaxtAeTfYnlSfQ==",
            "media_link": "https://storage.googleapis.com/download/storage/v1/b/fyp-open-data-hackathon-gcloudfunc-chatbot-bucket/o/gcloudfunc-chatbot-source.zip?generation=1698849640886015\u0026alt=media",
            "metadata": {},
            "name": "gcloudfunc-chatbot-source.zip",
            "output_name": "gcloudfunc-chatbot-source.zip",
            "self_link": "https://www.googleapis.com/storage/v1/b/fyp-open-data-hackathon-gcloudfunc-chatbot-bucket/o/gcloudfunc-chatbot-source.zip",
            "source": "../api/gfunc/chatbot.zip",
            "storage_class": "STANDARD",
            "temporary_hold": false,
            "timeouts": null
          },
          "sensitive_attributes": [],
          "private": "eyJlMmJmYjczMC1lY2FhLTExZTYtOGY4OC0zNDM2M2JjN2M0YzAiOnsiY3JlYXRlIjoyNDAwMDAwMDAwMDAsImRlbGV0ZSI6MjQwMDAwMDAwMDAwLCJ1cGRhdGUiOjI0MDAwMDAwMDAwMH19",
          "dependencies": [
            "data.archive_file.chatbot-zip",
            "google_storage_bucket.gcloudfunc-chatbot-bucket"
          ]
        }
      ]
    }
  ],
  "check_results": null
}
